// !$*UTF8*$!
{
	archiveVersion = 1;
	classes = {
	};
	objectVersion = 50;
	objects = {

/* Begin PBXBuildFile section */
		530EE05920C9AC2C00F708DF /* addDiveController.swift in Sources */ = {isa = PBXBuildFile; fileRef = 530EE05820C9AC2B00F708DF /* addDiveController.swift */; };
		5343BEF620C9D9D7006298B3 /* DiveListController.swift in Sources */ = {isa = PBXBuildFile; fileRef = 5343BEF520C9D9D7006298B3 /* DiveListController.swift */; };
		535635DB23A16ABB00269A41 /* GoogleMapsBase.framework in Frameworks */ = {isa = PBXBuildFile; fileRef = 535635DA23A16ABB00269A41 /* GoogleMapsBase.framework */; };
		535635DD23A16AC800269A41 /* GoogleMaps.framework in Frameworks */ = {isa = PBXBuildFile; fileRef = 535635DC23A16AC800269A41 /* GoogleMaps.framework */; };
		535635DF23A16AD300269A41 /* GoogleMapsCore.framework in Frameworks */ = {isa = PBXBuildFile; fileRef = 535635DE23A16AD300269A41 /* GoogleMapsCore.framework */; };
		535635E123A16B4E00269A41 /* GoogleMaps.bundle in Resources */ = {isa = PBXBuildFile; fileRef = 535635E023A16B4E00269A41 /* GoogleMaps.bundle */; };
		535635E323A16B9700269A41 /* Accelerate.framework in Frameworks */ = {isa = PBXBuildFile; fileRef = 535635E223A16B9700269A41 /* Accelerate.framework */; };
		535635E523A16BA400269A41 /* CoreData.framework in Frameworks */ = {isa = PBXBuildFile; fileRef = 535635E423A16BA400269A41 /* CoreData.framework */; };
		535635E723A16BAF00269A41 /* CoreGraphics.framework in Frameworks */ = {isa = PBXBuildFile; fileRef = 535635E623A16BAF00269A41 /* CoreGraphics.framework */; };
		535635E923A16BBF00269A41 /* CoreImage.framework in Frameworks */ = {isa = PBXBuildFile; fileRef = 535635E823A16BBF00269A41 /* CoreImage.framework */; };
		535635EB23A16BCC00269A41 /* CoreLocation.framework in Frameworks */ = {isa = PBXBuildFile; fileRef = 535635EA23A16BCC00269A41 /* CoreLocation.framework */; };
		535635ED23A16BD800269A41 /* CoreTelephony.framework in Frameworks */ = {isa = PBXBuildFile; fileRef = 535635EC23A16BD800269A41 /* CoreTelephony.framework */; };
		535635EF23A16BED00269A41 /* CoreText.framework in Frameworks */ = {isa = PBXBuildFile; fileRef = 535635EE23A16BED00269A41 /* CoreText.framework */; };
		535635F123A16BF900269A41 /* GLKit.framework in Frameworks */ = {isa = PBXBuildFile; fileRef = 535635F023A16BF900269A41 /* GLKit.framework */; };
		535635F323A16C0600269A41 /* ImageIO.framework in Frameworks */ = {isa = PBXBuildFile; fileRef = 535635F223A16C0600269A41 /* ImageIO.framework */; };
		535635F523A16C3100269A41 /* libc++.tbd in Frameworks */ = {isa = PBXBuildFile; fileRef = 535635F423A16C3100269A41 /* libc++.tbd */; };
		535635F723A16C4B00269A41 /* libz.tbd in Frameworks */ = {isa = PBXBuildFile; fileRef = 535635F623A16C4B00269A41 /* libz.tbd */; };
		535635F923A16C5A00269A41 /* OpenGLES.framework in Frameworks */ = {isa = PBXBuildFile; fileRef = 535635F823A16C5A00269A41 /* OpenGLES.framework */; };
		535635FB23A16C7100269A41 /* QuartzCore.framework in Frameworks */ = {isa = PBXBuildFile; fileRef = 535635FA23A16C7100269A41 /* QuartzCore.framework */; };
		535635FD23A16C8000269A41 /* SystemConfiguration.framework in Frameworks */ = {isa = PBXBuildFile; fileRef = 535635FC23A16C8000269A41 /* SystemConfiguration.framework */; };
		535635FF23A16C9500269A41 /* UIKit.framework in Frameworks */ = {isa = PBXBuildFile; fileRef = 535635FE23A16C9400269A41 /* UIKit.framework */; };
		5356360323A16E5D00269A41 /* GooglePlaces.framework in Frameworks */ = {isa = PBXBuildFile; fileRef = 5356360223A16E5D00269A41 /* GooglePlaces.framework */; };
		5356360523A16E7800269A41 /* GooglePlaces.bundle in Resources */ = {isa = PBXBuildFile; fileRef = 5356360423A16E7800269A41 /* GooglePlaces.bundle */; };
		535F44CF23A15A4A0054FA66 /* HelpViewController.swift in Sources */ = {isa = PBXBuildFile; fileRef = 535F44CE23A15A4A0054FA66 /* HelpViewController.swift */; };
		535F44D323A15B800054FA66 /* CoreDataManager.swift in Sources */ = {isa = PBXBuildFile; fileRef = 535F44D223A15B800054FA66 /* CoreDataManager.swift */; };
		5381FA292241F74E00C9ABF0 /* testerbook.csv in Resources */ = {isa = PBXBuildFile; fileRef = 5381FA282241F74E00C9ABF0 /* testerbook.csv */; };
		538DCD6020B4A1A300F58FB9 /* AppDelegate.swift in Sources */ = {isa = PBXBuildFile; fileRef = 538DCD5F20B4A1A300F58FB9 /* AppDelegate.swift */; };
		538DCD6520B4A1A300F58FB9 /* Main.storyboard in Resources */ = {isa = PBXBuildFile; fileRef = 538DCD6320B4A1A300F58FB9 /* Main.storyboard */; };
		538DCD6720B4A1A600F58FB9 /* Assets.xcassets in Resources */ = {isa = PBXBuildFile; fileRef = 538DCD6620B4A1A600F58FB9 /* Assets.xcassets */; };
		538DCD6A20B4A1A600F58FB9 /* LaunchScreen.storyboard in Resources */ = {isa = PBXBuildFile; fileRef = 538DCD6820B4A1A600F58FB9 /* LaunchScreen.storyboard */; };
		538DCD7520B4A1A700F58FB9 /* DiveLogTests.swift in Sources */ = {isa = PBXBuildFile; fileRef = 538DCD7420B4A1A700F58FB9 /* DiveLogTests.swift */; };
		538DCD8020B4A1A700F58FB9 /* DiveLogUITests.swift in Sources */ = {isa = PBXBuildFile; fileRef = 538DCD7F20B4A1A700F58FB9 /* DiveLogUITests.swift */; };
		5396DF2A211A09A900361443 /* CloudKit.framework in Frameworks */ = {isa = PBXBuildFile; fileRef = 5396DF29211A09A900361443 /* CloudKit.framework */; };
		5396DF2E211B5C0B00361443 /* Thailand_DiveSite_GPS.csv in Resources */ = {isa = PBXBuildFile; fileRef = 5396DF2D211B5C0B00361443 /* Thailand_DiveSite_GPS.csv */; };
		539A8E1A20B6674E0061464F /* TableViewCell.swift in Sources */ = {isa = PBXBuildFile; fileRef = 539A8E1920B6674E0061464F /* TableViewCell.swift */; };
		539B3D1120C8550E000F18BC /* MapMarkerWindowView.xib in Resources */ = {isa = PBXBuildFile; fileRef = 539B3D1020C8550D000F18BC /* MapMarkerWindowView.xib */; };
		539B3D1320C85536000F18BC /* MapMarkerWindow.swift in Sources */ = {isa = PBXBuildFile; fileRef = 539B3D1220C85536000F18BC /* MapMarkerWindow.swift */; };
		53A1859120B73C38009301DF /* DiveViewController.swift in Sources */ = {isa = PBXBuildFile; fileRef = 53A1859020B73C38009301DF /* DiveViewController.swift */; };
		53A185D320BF0DB3009301DF /* mapViewController.swift in Sources */ = {isa = PBXBuildFile; fileRef = 53A185D220BF0DB3009301DF /* mapViewController.swift */; };
		53A564F920D347DA0019C414 /* GPSViewController.swift in Sources */ = {isa = PBXBuildFile; fileRef = 53A564F820D347DA0019C414 /* GPSViewController.swift */; };
		53A564FB20D4CF9D0019C414 /* CustomTabBarController.swift in Sources */ = {isa = PBXBuildFile; fileRef = 53A564FA20D4CF9D0019C414 /* CustomTabBarController.swift */; };
		53D46A992253F9C1006A34E7 /* LinkButton.swift in Sources */ = {isa = PBXBuildFile; fileRef = 53D46A982253F9C1006A34E7 /* LinkButton.swift */; };
		53E07B7420DD597300625188 /* LoginViewController.swift in Sources */ = {isa = PBXBuildFile; fileRef = 53E07B7320DD597300625188 /* LoginViewController.swift */; };
		53E07B7620DDF1E500625188 /* ConfirmButton.swift in Sources */ = {isa = PBXBuildFile; fileRef = 53E07B7520DDF1E500625188 /* ConfirmButton.swift */; };
		53E07B7820DDF22500625188 /* CancelButton.swift in Sources */ = {isa = PBXBuildFile; fileRef = 53E07B7720DDF22500625188 /* CancelButton.swift */; };
		53E3745520BFB6E5000299DB /* LoginView.swift in Sources */ = {isa = PBXBuildFile; fileRef = 53E3745420BFB6E5000299DB /* LoginView.swift */; };
		53FABC252289FC1A00B4849C /* DiveModel.xcdatamodeld in Sources */ = {isa = PBXBuildFile; fileRef = 53FABC232289FC1A00B4849C /* DiveModel.xcdatamodeld */; };
/* End PBXBuildFile section */

/* Begin PBXContainerItemProxy section */
		538DCD7120B4A1A700F58FB9 /* PBXContainerItemProxy */ = {
			isa = PBXContainerItemProxy;
			containerPortal = 538DCD5420B4A1A300F58FB9 /* Project object */;
			proxyType = 1;
			remoteGlobalIDString = 538DCD5B20B4A1A300F58FB9;
			remoteInfo = DiveLog;
		};
		538DCD7C20B4A1A700F58FB9 /* PBXContainerItemProxy */ = {
			isa = PBXContainerItemProxy;
			containerPortal = 538DCD5420B4A1A300F58FB9 /* Project object */;
			proxyType = 1;
			remoteGlobalIDString = 538DCD5B20B4A1A300F58FB9;
			remoteInfo = DiveLog;
		};
/* End PBXContainerItemProxy section */

/* Begin PBXFileReference section */
		530EE05820C9AC2B00F708DF /* addDiveController.swift */ = {isa = PBXFileReference; lastKnownFileType = sourcecode.swift; path = addDiveController.swift; sourceTree = "<group>"; };
		5343BEF520C9D9D7006298B3 /* DiveListController.swift */ = {isa = PBXFileReference; lastKnownFileType = sourcecode.swift; path = DiveListController.swift; sourceTree = "<group>"; };
		535635DA23A16ABB00269A41 /* GoogleMapsBase.framework */ = {isa = PBXFileReference; lastKnownFileType = wrapper.framework; path = GoogleMapsBase.framework; sourceTree = "<group>"; };
		535635DC23A16AC800269A41 /* GoogleMaps.framework */ = {isa = PBXFileReference; lastKnownFileType = wrapper.framework; path = GoogleMaps.framework; sourceTree = "<group>"; };
		535635DE23A16AD300269A41 /* GoogleMapsCore.framework */ = {isa = PBXFileReference; lastKnownFileType = wrapper.framework; path = GoogleMapsCore.framework; sourceTree = "<group>"; };
		535635E023A16B4E00269A41 /* GoogleMaps.bundle */ = {isa = PBXFileReference; lastKnownFileType = "wrapper.plug-in"; name = GoogleMaps.bundle; path = DiveLog/Bundles/GoogleMaps.bundle; sourceTree = SOURCE_ROOT; };
		535635E223A16B9700269A41 /* Accelerate.framework */ = {isa = PBXFileReference; lastKnownFileType = wrapper.framework; name = Accelerate.framework; path = System/Library/Frameworks/Accelerate.framework; sourceTree = SDKROOT; };
		535635E423A16BA400269A41 /* CoreData.framework */ = {isa = PBXFileReference; lastKnownFileType = wrapper.framework; name = CoreData.framework; path = System/Library/Frameworks/CoreData.framework; sourceTree = SDKROOT; };
		535635E623A16BAF00269A41 /* CoreGraphics.framework */ = {isa = PBXFileReference; lastKnownFileType = wrapper.framework; name = CoreGraphics.framework; path = System/Library/Frameworks/CoreGraphics.framework; sourceTree = SDKROOT; };
		535635E823A16BBF00269A41 /* CoreImage.framework */ = {isa = PBXFileReference; lastKnownFileType = wrapper.framework; name = CoreImage.framework; path = System/Library/Frameworks/CoreImage.framework; sourceTree = SDKROOT; };
		535635EA23A16BCC00269A41 /* CoreLocation.framework */ = {isa = PBXFileReference; lastKnownFileType = wrapper.framework; name = CoreLocation.framework; path = System/Library/Frameworks/CoreLocation.framework; sourceTree = SDKROOT; };
		535635EC23A16BD800269A41 /* CoreTelephony.framework */ = {isa = PBXFileReference; lastKnownFileType = wrapper.framework; name = CoreTelephony.framework; path = System/Library/Frameworks/CoreTelephony.framework; sourceTree = SDKROOT; };
		535635EE23A16BED00269A41 /* CoreText.framework */ = {isa = PBXFileReference; lastKnownFileType = wrapper.framework; name = CoreText.framework; path = System/Library/Frameworks/CoreText.framework; sourceTree = SDKROOT; };
		535635F023A16BF900269A41 /* GLKit.framework */ = {isa = PBXFileReference; lastKnownFileType = wrapper.framework; name = GLKit.framework; path = System/Library/Frameworks/GLKit.framework; sourceTree = SDKROOT; };
		535635F223A16C0600269A41 /* ImageIO.framework */ = {isa = PBXFileReference; lastKnownFileType = wrapper.framework; name = ImageIO.framework; path = System/Library/Frameworks/ImageIO.framework; sourceTree = SDKROOT; };
		535635F423A16C3100269A41 /* libc++.tbd */ = {isa = PBXFileReference; lastKnownFileType = "sourcecode.text-based-dylib-definition"; name = "libc++.tbd"; path = "usr/lib/libc++.tbd"; sourceTree = SDKROOT; };
		535635F623A16C4B00269A41 /* libz.tbd */ = {isa = PBXFileReference; lastKnownFileType = "sourcecode.text-based-dylib-definition"; name = libz.tbd; path = usr/lib/libz.tbd; sourceTree = SDKROOT; };
		535635F823A16C5A00269A41 /* OpenGLES.framework */ = {isa = PBXFileReference; lastKnownFileType = wrapper.framework; name = OpenGLES.framework; path = System/Library/Frameworks/OpenGLES.framework; sourceTree = SDKROOT; };
		535635FA23A16C7100269A41 /* QuartzCore.framework */ = {isa = PBXFileReference; lastKnownFileType = wrapper.framework; name = QuartzCore.framework; path = System/Library/Frameworks/QuartzCore.framework; sourceTree = SDKROOT; };
		535635FC23A16C8000269A41 /* SystemConfiguration.framework */ = {isa = PBXFileReference; lastKnownFileType = wrapper.framework; name = SystemConfiguration.framework; path = System/Library/Frameworks/SystemConfiguration.framework; sourceTree = SDKROOT; };
		535635FE23A16C9400269A41 /* UIKit.framework */ = {isa = PBXFileReference; lastKnownFileType = wrapper.framework; name = UIKit.framework; path = System/Library/Frameworks/UIKit.framework; sourceTree = SDKROOT; };
		5356360223A16E5D00269A41 /* GooglePlaces.framework */ = {isa = PBXFileReference; lastKnownFileType = wrapper.framework; path = GooglePlaces.framework; sourceTree = "<group>"; };
		5356360423A16E7800269A41 /* GooglePlaces.bundle */ = {isa = PBXFileReference; lastKnownFileType = "wrapper.plug-in"; name = GooglePlaces.bundle; path = DiveLog/Bundles/GooglePlaces.bundle; sourceTree = SOURCE_ROOT; };
		5356360923A17CE300269A41 /* Master_DiveSites_List.csv */ = {isa = PBXFileReference; lastKnownFileType = text; path = Master_DiveSites_List.csv; sourceTree = "<group>"; };
		535F44CE23A15A4A0054FA66 /* HelpViewController.swift */ = {isa = PBXFileReference; lastKnownFileType = sourcecode.swift; path = HelpViewController.swift; sourceTree = "<group>"; };
		535F44D223A15B800054FA66 /* CoreDataManager.swift */ = {isa = PBXFileReference; lastKnownFileType = sourcecode.swift; path = CoreDataManager.swift; sourceTree = "<group>"; };
		5381FA282241F74E00C9ABF0 /* testerbook.csv */ = {isa = PBXFileReference; fileEncoding = 4; lastKnownFileType = text; path = testerbook.csv; sourceTree = "<group>"; };
		538DCD5C20B4A1A300F58FB9 /* DiveLog.app */ = {isa = PBXFileReference; explicitFileType = wrapper.application; includeInIndex = 0; path = DiveLog.app; sourceTree = BUILT_PRODUCTS_DIR; };
		538DCD5F20B4A1A300F58FB9 /* AppDelegate.swift */ = {isa = PBXFileReference; lastKnownFileType = sourcecode.swift; path = AppDelegate.swift; sourceTree = "<group>"; };
		538DCD6420B4A1A300F58FB9 /* Base */ = {isa = PBXFileReference; lastKnownFileType = file.storyboard; name = Base; path = Base.lproj/Main.storyboard; sourceTree = "<group>"; };
		538DCD6620B4A1A600F58FB9 /* Assets.xcassets */ = {isa = PBXFileReference; lastKnownFileType = folder.assetcatalog; path = Assets.xcassets; sourceTree = "<group>"; };
		538DCD6920B4A1A600F58FB9 /* Base */ = {isa = PBXFileReference; lastKnownFileType = file.storyboard; name = Base; path = Base.lproj/LaunchScreen.storyboard; sourceTree = "<group>"; };
		538DCD6B20B4A1A600F58FB9 /* Info.plist */ = {isa = PBXFileReference; lastKnownFileType = text.plist.xml; path = Info.plist; sourceTree = "<group>"; };
		538DCD7020B4A1A700F58FB9 /* DiveLogTests.xctest */ = {isa = PBXFileReference; explicitFileType = wrapper.cfbundle; includeInIndex = 0; path = DiveLogTests.xctest; sourceTree = BUILT_PRODUCTS_DIR; };
		538DCD7420B4A1A700F58FB9 /* DiveLogTests.swift */ = {isa = PBXFileReference; lastKnownFileType = sourcecode.swift; path = DiveLogTests.swift; sourceTree = "<group>"; };
		538DCD7620B4A1A700F58FB9 /* Info.plist */ = {isa = PBXFileReference; lastKnownFileType = text.plist.xml; path = Info.plist; sourceTree = "<group>"; };
		538DCD7B20B4A1A700F58FB9 /* DiveLogUITests.xctest */ = {isa = PBXFileReference; explicitFileType = wrapper.cfbundle; includeInIndex = 0; path = DiveLogUITests.xctest; sourceTree = BUILT_PRODUCTS_DIR; };
		538DCD7F20B4A1A700F58FB9 /* DiveLogUITests.swift */ = {isa = PBXFileReference; lastKnownFileType = sourcecode.swift; path = DiveLogUITests.swift; sourceTree = "<group>"; };
		538DCD8120B4A1A700F58FB9 /* Info.plist */ = {isa = PBXFileReference; lastKnownFileType = text.plist.xml; path = Info.plist; sourceTree = "<group>"; };
		5396DF28211A098F00361443 /* DiveLog.entitlements */ = {isa = PBXFileReference; lastKnownFileType = text.plist.entitlements; path = DiveLog.entitlements; sourceTree = "<group>"; };
		5396DF29211A09A900361443 /* CloudKit.framework */ = {isa = PBXFileReference; lastKnownFileType = wrapper.framework; name = CloudKit.framework; path = System/Library/Frameworks/CloudKit.framework; sourceTree = SDKROOT; };
		5396DF2D211B5C0B00361443 /* Thailand_DiveSite_GPS.csv */ = {isa = PBXFileReference; fileEncoding = 4; lastKnownFileType = text; path = Thailand_DiveSite_GPS.csv; sourceTree = "<group>"; };
		539A8E1920B6674E0061464F /* TableViewCell.swift */ = {isa = PBXFileReference; lastKnownFileType = sourcecode.swift; path = TableViewCell.swift; sourceTree = "<group>"; };
		539B3D1020C8550D000F18BC /* MapMarkerWindowView.xib */ = {isa = PBXFileReference; lastKnownFileType = file.xib; path = MapMarkerWindowView.xib; sourceTree = "<group>"; };
		539B3D1220C85536000F18BC /* MapMarkerWindow.swift */ = {isa = PBXFileReference; lastKnownFileType = sourcecode.swift; path = MapMarkerWindow.swift; sourceTree = "<group>"; };
		53A1859020B73C38009301DF /* DiveViewController.swift */ = {isa = PBXFileReference; lastKnownFileType = sourcecode.swift; path = DiveViewController.swift; sourceTree = "<group>"; };
		53A185D220BF0DB3009301DF /* mapViewController.swift */ = {isa = PBXFileReference; lastKnownFileType = sourcecode.swift; path = mapViewController.swift; sourceTree = "<group>"; };
		53A564F820D347DA0019C414 /* GPSViewController.swift */ = {isa = PBXFileReference; lastKnownFileType = sourcecode.swift; path = GPSViewController.swift; sourceTree = "<group>"; };
		53A564FA20D4CF9D0019C414 /* CustomTabBarController.swift */ = {isa = PBXFileReference; lastKnownFileType = sourcecode.swift; path = CustomTabBarController.swift; sourceTree = "<group>"; };
		53D46A982253F9C1006A34E7 /* LinkButton.swift */ = {isa = PBXFileReference; lastKnownFileType = sourcecode.swift; path = LinkButton.swift; sourceTree = "<group>"; };
		53E07B7320DD597300625188 /* LoginViewController.swift */ = {isa = PBXFileReference; lastKnownFileType = sourcecode.swift; path = LoginViewController.swift; sourceTree = "<group>"; };
		53E07B7520DDF1E500625188 /* ConfirmButton.swift */ = {isa = PBXFileReference; lastKnownFileType = sourcecode.swift; path = ConfirmButton.swift; sourceTree = "<group>"; };
		53E07B7720DDF22500625188 /* CancelButton.swift */ = {isa = PBXFileReference; lastKnownFileType = sourcecode.swift; path = CancelButton.swift; sourceTree = "<group>"; };
		53E3745420BFB6E5000299DB /* LoginView.swift */ = {isa = PBXFileReference; lastKnownFileType = sourcecode.swift; path = LoginView.swift; sourceTree = "<group>"; };
		53FABC242289FC1A00B4849C /* DiveModel.xcdatamodel */ = {isa = PBXFileReference; lastKnownFileType = wrapper.xcdatamodel; path = DiveModel.xcdatamodel; sourceTree = "<group>"; };
/* End PBXFileReference section */

/* Begin PBXFrameworksBuildPhase section */
		538DCD5920B4A1A300F58FB9 /* Frameworks */ = {
			isa = PBXFrameworksBuildPhase;
			buildActionMask = 2147483647;
			files = (
				535635FF23A16C9500269A41 /* UIKit.framework in Frameworks */,
				535635FD23A16C8000269A41 /* SystemConfiguration.framework in Frameworks */,
				535635FB23A16C7100269A41 /* QuartzCore.framework in Frameworks */,
				535635F923A16C5A00269A41 /* OpenGLES.framework in Frameworks */,
				535635F723A16C4B00269A41 /* libz.tbd in Frameworks */,
				535635F523A16C3100269A41 /* libc++.tbd in Frameworks */,
				535635F323A16C0600269A41 /* ImageIO.framework in Frameworks */,
				535635F123A16BF900269A41 /* GLKit.framework in Frameworks */,
				535635EF23A16BED00269A41 /* CoreText.framework in Frameworks */,
				535635ED23A16BD800269A41 /* CoreTelephony.framework in Frameworks */,
				535635EB23A16BCC00269A41 /* CoreLocation.framework in Frameworks */,
				535635E923A16BBF00269A41 /* CoreImage.framework in Frameworks */,
				535635E723A16BAF00269A41 /* CoreGraphics.framework in Frameworks */,
				535635E523A16BA400269A41 /* CoreData.framework in Frameworks */,
				535635E323A16B9700269A41 /* Accelerate.framework in Frameworks */,
				535635DD23A16AC800269A41 /* GoogleMaps.framework in Frameworks */,
				5396DF2A211A09A900361443 /* CloudKit.framework in Frameworks */,
				535635DB23A16ABB00269A41 /* GoogleMapsBase.framework in Frameworks */,
				535635DF23A16AD300269A41 /* GoogleMapsCore.framework in Frameworks */,
				5356360323A16E5D00269A41 /* GooglePlaces.framework in Frameworks */,
			);
			runOnlyForDeploymentPostprocessing = 0;
		};
		538DCD6D20B4A1A600F58FB9 /* Frameworks */ = {
			isa = PBXFrameworksBuildPhase;
			buildActionMask = 2147483647;
			files = (
			);
			runOnlyForDeploymentPostprocessing = 0;
		};
		538DCD7820B4A1A700F58FB9 /* Frameworks */ = {
			isa = PBXFrameworksBuildPhase;
			buildActionMask = 2147483647;
			files = (
			);
			runOnlyForDeploymentPostprocessing = 0;
		};
/* End PBXFrameworksBuildPhase section */

/* Begin PBXGroup section */
		048247BA6BE0457DBCCD5BEF /* Frameworks */ = {
			isa = PBXGroup;
			children = (
				535635FE23A16C9400269A41 /* UIKit.framework */,
				535635FC23A16C8000269A41 /* SystemConfiguration.framework */,
				535635FA23A16C7100269A41 /* QuartzCore.framework */,
				535635F823A16C5A00269A41 /* OpenGLES.framework */,
				535635F623A16C4B00269A41 /* libz.tbd */,
				535635F423A16C3100269A41 /* libc++.tbd */,
				535635F223A16C0600269A41 /* ImageIO.framework */,
				5356360223A16E5D00269A41 /* GooglePlaces.framework */,
				535635F023A16BF900269A41 /* GLKit.framework */,
				535635EE23A16BED00269A41 /* CoreText.framework */,
				535635EC23A16BD800269A41 /* CoreTelephony.framework */,
				535635EA23A16BCC00269A41 /* CoreLocation.framework */,
				535635E823A16BBF00269A41 /* CoreImage.framework */,
				535635E623A16BAF00269A41 /* CoreGraphics.framework */,
				535635E423A16BA400269A41 /* CoreData.framework */,
				535635E223A16B9700269A41 /* Accelerate.framework */,
				535635DE23A16AD300269A41 /* GoogleMapsCore.framework */,
				535635DC23A16AC800269A41 /* GoogleMaps.framework */,
				535635DA23A16ABB00269A41 /* GoogleMapsBase.framework */,
				5396DF29211A09A900361443 /* CloudKit.framework */,
			);
			name = Frameworks;
			sourceTree = "<group>";
		};
		5356360723A17C5000269A41 /* View Controllers */ = {
			isa = PBXGroup;
			children = (
				5343BEF520C9D9D7006298B3 /* DiveListController.swift */,
				530EE05820C9AC2B00F708DF /* addDiveController.swift */,
				53A185D220BF0DB3009301DF /* mapViewController.swift */,
				53A564F820D347DA0019C414 /* GPSViewController.swift */,
				53A564FA20D4CF9D0019C414 /* CustomTabBarController.swift */,
				53E07B7320DD597300625188 /* LoginViewController.swift */,
				535F44CE23A15A4A0054FA66 /* HelpViewController.swift */,
				53A1859020B73C38009301DF /* DiveViewController.swift */,
			);
			path = "View Controllers";
			sourceTree = "<group>";
		};
		5356360823A17CCD00269A41 /* DiveSite Location Data */ = {
			isa = PBXGroup;
			children = (
				5356360923A17CE300269A41 /* Master_DiveSites_List.csv */,
				5396DF2D211B5C0B00361443 /* Thailand_DiveSite_GPS.csv */,
				5381FA282241F74E00C9ABF0 /* testerbook.csv */,
			);
			path = "DiveSite Location Data";
			sourceTree = "<group>";
		};
		5356360A23A17D5F00269A41 /* Bundles */ = {
			isa = PBXGroup;
			children = (
				535635E023A16B4E00269A41 /* GoogleMaps.bundle */,
				5356360423A16E7800269A41 /* GooglePlaces.bundle */,
			);
			path = Bundles;
			sourceTree = "<group>";
		};
		5356360B23A17DAD00269A41 /* UI  */ = {
			isa = PBXGroup;
			children = (
				5356360C23A17DCB00269A41 /* Views */,
				5356360D23A17E7300269A41 /* Components */,
			);
			path = "UI ";
			sourceTree = "<group>";
		};
		5356360C23A17DCB00269A41 /* Views */ = {
			isa = PBXGroup;
			children = (
				539B3D1020C8550D000F18BC /* MapMarkerWindowView.xib */,
				539B3D1220C85536000F18BC /* MapMarkerWindow.swift */,
				53E3745420BFB6E5000299DB /* LoginView.swift */,
				539A8E1920B6674E0061464F /* TableViewCell.swift */,
			);
			path = Views;
			sourceTree = "<group>";
		};
		5356360D23A17E7300269A41 /* Components */ = {
			isa = PBXGroup;
			children = (
				53D46A982253F9C1006A34E7 /* LinkButton.swift */,
				53E07B7520DDF1E500625188 /* ConfirmButton.swift */,
				53E07B7720DDF22500625188 /* CancelButton.swift */,
			);
			path = Components;
			sourceTree = "<group>";
		};
		538DCD5320B4A1A200F58FB9 = {
			isa = PBXGroup;
			children = (
				538DCD5E20B4A1A300F58FB9 /* DiveLog */,
				538DCD7320B4A1A700F58FB9 /* DiveLogTests */,
				538DCD7E20B4A1A700F58FB9 /* DiveLogUITests */,
				538DCD5D20B4A1A300F58FB9 /* Products */,
				048247BA6BE0457DBCCD5BEF /* Frameworks */,
			);
			sourceTree = "<group>";
		};
		538DCD5D20B4A1A300F58FB9 /* Products */ = {
			isa = PBXGroup;
			children = (
				538DCD5C20B4A1A300F58FB9 /* DiveLog.app */,
				538DCD7020B4A1A700F58FB9 /* DiveLogTests.xctest */,
				538DCD7B20B4A1A700F58FB9 /* DiveLogUITests.xctest */,
			);
			name = Products;
			sourceTree = "<group>";
		};
		538DCD5E20B4A1A300F58FB9 /* DiveLog */ = {
			isa = PBXGroup;
			children = (
				5396DF28211A098F00361443 /* DiveLog.entitlements */,
				5356360B23A17DAD00269A41 /* UI  */,
				538DCD6320B4A1A300F58FB9 /* Main.storyboard */,
				538DCD6820B4A1A600F58FB9 /* LaunchScreen.storyboard */,
				5356360823A17CCD00269A41 /* DiveSite Location Data */,
				5356360723A17C5000269A41 /* View Controllers */,
				538DCD5F20B4A1A300F58FB9 /* AppDelegate.swift */,
				535F44D223A15B800054FA66 /* CoreDataManager.swift */,
				53FABC232289FC1A00B4849C /* DiveModel.xcdatamodeld */,
				538DCD6620B4A1A600F58FB9 /* Assets.xcassets */,
				538DCD6B20B4A1A600F58FB9 /* Info.plist */,
				5356360A23A17D5F00269A41 /* Bundles */,
			);
			path = DiveLog;
			sourceTree = "<group>";
		};
		538DCD7320B4A1A700F58FB9 /* DiveLogTests */ = {
			isa = PBXGroup;
			children = (
				538DCD7420B4A1A700F58FB9 /* DiveLogTests.swift */,
				538DCD7620B4A1A700F58FB9 /* Info.plist */,
			);
			path = DiveLogTests;
			sourceTree = "<group>";
		};
		538DCD7E20B4A1A700F58FB9 /* DiveLogUITests */ = {
			isa = PBXGroup;
			children = (
				538DCD7F20B4A1A700F58FB9 /* DiveLogUITests.swift */,
				538DCD8120B4A1A700F58FB9 /* Info.plist */,
			);
			path = DiveLogUITests;
			sourceTree = "<group>";
		};
/* End PBXGroup section */

/* Begin PBXNativeTarget section */
		538DCD5B20B4A1A300F58FB9 /* DiveLog */ = {
			isa = PBXNativeTarget;
			buildConfigurationList = 538DCD8420B4A1A700F58FB9 /* Build configuration list for PBXNativeTarget "DiveLog" */;
			buildPhases = (
				538DCD5820B4A1A300F58FB9 /* Sources */,
				538DCD5920B4A1A300F58FB9 /* Frameworks */,
				538DCD5A20B4A1A300F58FB9 /* Resources */,
			);
			buildRules = (
			);
			dependencies = (
			);
			name = DiveLog;
			productName = DiveLog;
			productReference = 538DCD5C20B4A1A300F58FB9 /* DiveLog.app */;
			productType = "com.apple.product-type.application";
		};
		538DCD6F20B4A1A600F58FB9 /* DiveLogTests */ = {
			isa = PBXNativeTarget;
			buildConfigurationList = 538DCD8720B4A1A700F58FB9 /* Build configuration list for PBXNativeTarget "DiveLogTests" */;
			buildPhases = (
				538DCD6C20B4A1A600F58FB9 /* Sources */,
				538DCD6D20B4A1A600F58FB9 /* Frameworks */,
				538DCD6E20B4A1A600F58FB9 /* Resources */,
			);
			buildRules = (
			);
			dependencies = (
				538DCD7220B4A1A700F58FB9 /* PBXTargetDependency */,
			);
			name = DiveLogTests;
			productName = DiveLogTests;
			productReference = 538DCD7020B4A1A700F58FB9 /* DiveLogTests.xctest */;
			productType = "com.apple.product-type.bundle.unit-test";
		};
		538DCD7A20B4A1A700F58FB9 /* DiveLogUITests */ = {
			isa = PBXNativeTarget;
			buildConfigurationList = 538DCD8A20B4A1A700F58FB9 /* Build configuration list for PBXNativeTarget "DiveLogUITests" */;
			buildPhases = (
				538DCD7720B4A1A700F58FB9 /* Sources */,
				538DCD7820B4A1A700F58FB9 /* Frameworks */,
				538DCD7920B4A1A700F58FB9 /* Resources */,
			);
			buildRules = (
			);
			dependencies = (
				538DCD7D20B4A1A700F58FB9 /* PBXTargetDependency */,
			);
			name = DiveLogUITests;
			productName = DiveLogUITests;
			productReference = 538DCD7B20B4A1A700F58FB9 /* DiveLogUITests.xctest */;
			productType = "com.apple.product-type.bundle.ui-testing";
		};
/* End PBXNativeTarget section */

/* Begin PBXProject section */
		538DCD5420B4A1A300F58FB9 /* Project object */ = {
			isa = PBXProject;
			attributes = {
				LastSwiftUpdateCheck = 0930;
				LastUpgradeCheck = 0930;
				ORGANIZATIONNAME = "Michael Whinfrey";
				TargetAttributes = {
					538DCD5B20B4A1A300F58FB9 = {
						CreatedOnToolsVersion = 9.3.1;
						SystemCapabilities = {
							com.apple.Push = {
								enabled = 1;
							};
							com.apple.iCloud = {
								enabled = 1;
							};
						};
					};
					538DCD6F20B4A1A600F58FB9 = {
						CreatedOnToolsVersion = 9.3.1;
						TestTargetID = 538DCD5B20B4A1A300F58FB9;
					};
					538DCD7A20B4A1A700F58FB9 = {
						CreatedOnToolsVersion = 9.3.1;
						TestTargetID = 538DCD5B20B4A1A300F58FB9;
					};
				};
			};
			buildConfigurationList = 538DCD5720B4A1A300F58FB9 /* Build configuration list for PBXProject "DiveLog" */;
			compatibilityVersion = "Xcode 9.3";
			developmentRegion = en;
			hasScannedForEncodings = 0;
			knownRegions = (
				en,
				Base,
			);
			mainGroup = 538DCD5320B4A1A200F58FB9;
			productRefGroup = 538DCD5D20B4A1A300F58FB9 /* Products */;
			projectDirPath = "";
			projectRoot = "";
			targets = (
				538DCD5B20B4A1A300F58FB9 /* DiveLog */,
				538DCD6F20B4A1A600F58FB9 /* DiveLogTests */,
				538DCD7A20B4A1A700F58FB9 /* DiveLogUITests */,
			);
		};
/* End PBXProject section */

/* Begin PBXResourcesBuildPhase section */
		538DCD5A20B4A1A300F58FB9 /* Resources */ = {
			isa = PBXResourcesBuildPhase;
			buildActionMask = 2147483647;
			files = (
				538DCD6A20B4A1A600F58FB9 /* LaunchScreen.storyboard in Resources */,
				5381FA292241F74E00C9ABF0 /* testerbook.csv in Resources */,
				538DCD6720B4A1A600F58FB9 /* Assets.xcassets in Resources */,
				538DCD6520B4A1A300F58FB9 /* Main.storyboard in Resources */,
				539B3D1120C8550E000F18BC /* MapMarkerWindowView.xib in Resources */,
				5396DF2E211B5C0B00361443 /* Thailand_DiveSite_GPS.csv in Resources */,
				5356360523A16E7800269A41 /* GooglePlaces.bundle in Resources */,
				535635E123A16B4E00269A41 /* GoogleMaps.bundle in Resources */,
			);
			runOnlyForDeploymentPostprocessing = 0;
		};
		538DCD6E20B4A1A600F58FB9 /* Resources */ = {
			isa = PBXResourcesBuildPhase;
			buildActionMask = 2147483647;
			files = (
			);
			runOnlyForDeploymentPostprocessing = 0;
		};
		538DCD7920B4A1A700F58FB9 /* Resources */ = {
			isa = PBXResourcesBuildPhase;
			buildActionMask = 2147483647;
			files = (
			);
			runOnlyForDeploymentPostprocessing = 0;
		};
/* End PBXResourcesBuildPhase section */

/* Begin PBXSourcesBuildPhase section */
		538DCD5820B4A1A300F58FB9 /* Sources */ = {
			isa = PBXSourcesBuildPhase;
			buildActionMask = 2147483647;
			files = (
				53E07B7420DD597300625188 /* LoginViewController.swift in Sources */,
				53E07B7820DDF22500625188 /* CancelButton.swift in Sources */,
				53E3745520BFB6E5000299DB /* LoginView.swift in Sources */,
				53A564F920D347DA0019C414 /* GPSViewController.swift in Sources */,
				535F44D323A15B800054FA66 /* CoreDataManager.swift in Sources */,
				53D46A992253F9C1006A34E7 /* LinkButton.swift in Sources */,
				539B3D1320C85536000F18BC /* MapMarkerWindow.swift in Sources */,
				539A8E1A20B6674E0061464F /* TableViewCell.swift in Sources */,
				53A185D320BF0DB3009301DF /* mapViewController.swift in Sources */,
				53FABC252289FC1A00B4849C /* DiveModel.xcdatamodeld in Sources */,
				53A564FB20D4CF9D0019C414 /* CustomTabBarController.swift in Sources */,
				535F44CF23A15A4A0054FA66 /* HelpViewController.swift in Sources */,
				53E07B7620DDF1E500625188 /* ConfirmButton.swift in Sources */,
				53A1859120B73C38009301DF /* DiveViewController.swift in Sources */,
				5343BEF620C9D9D7006298B3 /* DiveListController.swift in Sources */,
				538DCD6020B4A1A300F58FB9 /* AppDelegate.swift in Sources */,
				530EE05920C9AC2C00F708DF /* addDiveController.swift in Sources */,
			);
			runOnlyForDeploymentPostprocessing = 0;
		};
		538DCD6C20B4A1A600F58FB9 /* Sources */ = {
			isa = PBXSourcesBuildPhase;
			buildActionMask = 2147483647;
			files = (
				538DCD7520B4A1A700F58FB9 /* DiveLogTests.swift in Sources */,
			);
			runOnlyForDeploymentPostprocessing = 0;
		};
		538DCD7720B4A1A700F58FB9 /* Sources */ = {
			isa = PBXSourcesBuildPhase;
			buildActionMask = 2147483647;
			files = (
				538DCD8020B4A1A700F58FB9 /* DiveLogUITests.swift in Sources */,
			);
			runOnlyForDeploymentPostprocessing = 0;
		};
/* End PBXSourcesBuildPhase section */

/* Begin PBXTargetDependency section */
		538DCD7220B4A1A700F58FB9 /* PBXTargetDependency */ = {
			isa = PBXTargetDependency;
			target = 538DCD5B20B4A1A300F58FB9 /* DiveLog */;
			targetProxy = 538DCD7120B4A1A700F58FB9 /* PBXContainerItemProxy */;
		};
		538DCD7D20B4A1A700F58FB9 /* PBXTargetDependency */ = {
			isa = PBXTargetDependency;
			target = 538DCD5B20B4A1A300F58FB9 /* DiveLog */;
			targetProxy = 538DCD7C20B4A1A700F58FB9 /* PBXContainerItemProxy */;
		};
/* End PBXTargetDependency section */

/* Begin PBXVariantGroup section */
		538DCD6320B4A1A300F58FB9 /* Main.storyboard */ = {
			isa = PBXVariantGroup;
			children = (
				538DCD6420B4A1A300F58FB9 /* Base */,
			);
			name = Main.storyboard;
			sourceTree = "<group>";
		};
		538DCD6820B4A1A600F58FB9 /* LaunchScreen.storyboard */ = {
			isa = PBXVariantGroup;
			children = (
				538DCD6920B4A1A600F58FB9 /* Base */,
			);
			name = LaunchScreen.storyboard;
			sourceTree = "<group>";
		};
/* End PBXVariantGroup section */

/* Begin XCBuildConfiguration section */
		538DCD8220B4A1A700F58FB9 /* Debug */ = {
			isa = XCBuildConfiguration;
			buildSettings = {
				ALWAYS_SEARCH_USER_PATHS = NO;
				CLANG_ANALYZER_NONNULL = YES;
				CLANG_ANALYZER_NUMBER_OBJECT_CONVERSION = YES_AGGRESSIVE;
				CLANG_CXX_LANGUAGE_STANDARD = "gnu++14";
				CLANG_CXX_LIBRARY = "libc++";
				CLANG_ENABLE_MODULES = YES;
				CLANG_ENABLE_OBJC_ARC = YES;
				CLANG_ENABLE_OBJC_WEAK = YES;
				CLANG_WARN_BLOCK_CAPTURE_AUTORELEASING = YES;
				CLANG_WARN_BOOL_CONVERSION = YES;
				CLANG_WARN_COMMA = YES;
				CLANG_WARN_CONSTANT_CONVERSION = YES;
				CLANG_WARN_DEPRECATED_OBJC_IMPLEMENTATIONS = YES;
				CLANG_WARN_DIRECT_OBJC_ISA_USAGE = YES_ERROR;
				CLANG_WARN_DOCUMENTATION_COMMENTS = YES;
				CLANG_WARN_EMPTY_BODY = YES;
				CLANG_WARN_ENUM_CONVERSION = YES;
				CLANG_WARN_INFINITE_RECURSION = YES;
				CLANG_WARN_INT_CONVERSION = YES;
				CLANG_WARN_NON_LITERAL_NULL_CONVERSION = YES;
				CLANG_WARN_OBJC_IMPLICIT_RETAIN_SELF = YES;
				CLANG_WARN_OBJC_LITERAL_CONVERSION = YES;
				CLANG_WARN_OBJC_ROOT_CLASS = YES_ERROR;
				CLANG_WARN_RANGE_LOOP_ANALYSIS = YES;
				CLANG_WARN_STRICT_PROTOTYPES = YES;
				CLANG_WARN_SUSPICIOUS_MOVE = YES;
				CLANG_WARN_UNGUARDED_AVAILABILITY = YES_AGGRESSIVE;
				CLANG_WARN_UNREACHABLE_CODE = YES;
				CLANG_WARN__DUPLICATE_METHOD_MATCH = YES;
				CODE_SIGN_IDENTITY = "iPhone Developer";
				COPY_PHASE_STRIP = NO;
				DEBUG_INFORMATION_FORMAT = dwarf;
				ENABLE_STRICT_OBJC_MSGSEND = YES;
				ENABLE_TESTABILITY = YES;
				GCC_C_LANGUAGE_STANDARD = gnu11;
				GCC_DYNAMIC_NO_PIC = NO;
				GCC_NO_COMMON_BLOCKS = YES;
				GCC_OPTIMIZATION_LEVEL = 0;
				GCC_PREPROCESSOR_DEFINITIONS = (
					"DEBUG=1",
					"$(inherited)",
				);
				GCC_WARN_64_TO_32_BIT_CONVERSION = YES;
				GCC_WARN_ABOUT_RETURN_TYPE = YES_ERROR;
				GCC_WARN_UNDECLARED_SELECTOR = YES;
				GCC_WARN_UNINITIALIZED_AUTOS = YES_AGGRESSIVE;
				GCC_WARN_UNUSED_FUNCTION = YES;
				GCC_WARN_UNUSED_VARIABLE = YES;
				IPHONEOS_DEPLOYMENT_TARGET = 11.3;
				MTL_ENABLE_DEBUG_INFO = YES;
				ONLY_ACTIVE_ARCH = YES;
				SDKROOT = iphoneos;
				SWIFT_ACTIVE_COMPILATION_CONDITIONS = DEBUG;
				SWIFT_OPTIMIZATION_LEVEL = "-Onone";
			};
			name = Debug;
		};
		538DCD8320B4A1A700F58FB9 /* Release */ = {
			isa = XCBuildConfiguration;
			buildSettings = {
				ALWAYS_SEARCH_USER_PATHS = NO;
				CLANG_ANALYZER_NONNULL = YES;
				CLANG_ANALYZER_NUMBER_OBJECT_CONVERSION = YES_AGGRESSIVE;
				CLANG_CXX_LANGUAGE_STANDARD = "gnu++14";
				CLANG_CXX_LIBRARY = "libc++";
				CLANG_ENABLE_MODULES = YES;
				CLANG_ENABLE_OBJC_ARC = YES;
				CLANG_ENABLE_OBJC_WEAK = YES;
				CLANG_WARN_BLOCK_CAPTURE_AUTORELEASING = YES;
				CLANG_WARN_BOOL_CONVERSION = YES;
				CLANG_WARN_COMMA = YES;
				CLANG_WARN_CONSTANT_CONVERSION = YES;
				CLANG_WARN_DEPRECATED_OBJC_IMPLEMENTATIONS = YES;
				CLANG_WARN_DIRECT_OBJC_ISA_USAGE = YES_ERROR;
				CLANG_WARN_DOCUMENTATION_COMMENTS = YES;
				CLANG_WARN_EMPTY_BODY = YES;
				CLANG_WARN_ENUM_CONVERSION = YES;
				CLANG_WARN_INFINITE_RECURSION = YES;
				CLANG_WARN_INT_CONVERSION = YES;
				CLANG_WARN_NON_LITERAL_NULL_CONVERSION = YES;
				CLANG_WARN_OBJC_IMPLICIT_RETAIN_SELF = YES;
				CLANG_WARN_OBJC_LITERAL_CONVERSION = YES;
				CLANG_WARN_OBJC_ROOT_CLASS = YES_ERROR;
				CLANG_WARN_RANGE_LOOP_ANALYSIS = YES;
				CLANG_WARN_STRICT_PROTOTYPES = YES;
				CLANG_WARN_SUSPICIOUS_MOVE = YES;
				CLANG_WARN_UNGUARDED_AVAILABILITY = YES_AGGRESSIVE;
				CLANG_WARN_UNREACHABLE_CODE = YES;
				CLANG_WARN__DUPLICATE_METHOD_MATCH = YES;
				CODE_SIGN_IDENTITY = "iPhone Developer";
				COPY_PHASE_STRIP = NO;
				DEBUG_INFORMATION_FORMAT = "dwarf-with-dsym";
				ENABLE_NS_ASSERTIONS = NO;
				ENABLE_STRICT_OBJC_MSGSEND = YES;
				GCC_C_LANGUAGE_STANDARD = gnu11;
				GCC_NO_COMMON_BLOCKS = YES;
				GCC_WARN_64_TO_32_BIT_CONVERSION = YES;
				GCC_WARN_ABOUT_RETURN_TYPE = YES_ERROR;
				GCC_WARN_UNDECLARED_SELECTOR = YES;
				GCC_WARN_UNINITIALIZED_AUTOS = YES_AGGRESSIVE;
				GCC_WARN_UNUSED_FUNCTION = YES;
				GCC_WARN_UNUSED_VARIABLE = YES;
				IPHONEOS_DEPLOYMENT_TARGET = 11.3;
				MTL_ENABLE_DEBUG_INFO = NO;
				SDKROOT = iphoneos;
				SWIFT_COMPILATION_MODE = wholemodule;
				SWIFT_OPTIMIZATION_LEVEL = "-O";
				VALIDATE_PRODUCT = YES;
			};
			name = Release;
		};
		538DCD8520B4A1A700F58FB9 /* Debug */ = {
			isa = XCBuildConfiguration;
			buildSettings = {
				ASSETCATALOG_COMPILER_APPICON_NAME = AppIcon;
				CODE_SIGN_ENTITLEMENTS = DiveLog/DiveLog.entitlements;
				CODE_SIGN_STYLE = Automatic;
				DEVELOPMENT_TEAM = GAWFJ4MA57;
				FRAMEWORK_SEARCH_PATHS = (
					"$(inherited)",
					"$(PROJECT_DIR)",
				);
				HEADER_SEARCH_PATHS = (
					"$(inherited)",
					"\"${PODS_ROOT}/Headers/Public\"",
					"\"${PODS_ROOT}/Headers/Public/GoogleMaps\"",
					"\"${PODS_ROOT}/Headers/Public/GooglePlaces\"",
				);
				INFOPLIST_FILE = DiveLog/Info.plist;
				LD_RUNPATH_SEARCH_PATHS = (
					"$(inherited)",
					"@executable_path/Frameworks",
				);
				OTHER_LDFLAGS = (
					"$(inherited)",
					"-ObjC",
					"-l\"c++\"",
					"-l\"z\"",
					"-framework",
					"\"Accelerate\"",
					"-framework",
					"\"CoreData\"",
					"-framework",
					"\"CoreGraphics\"",
					"-framework",
					"\"CoreImage\"",
					"-framework",
					"\"CoreLocation\"",
					"-framework",
					"\"CoreTelephony\"",
					"-framework",
					"\"CoreText\"",
					"-framework",
					"\"GLKit\"",
					"-framework",
					"\"GoogleMaps\"",
					"-framework",
					"\"GoogleMapsBase\"",
					"-framework",
					"\"GoogleMapsCore\"",
					"-framework",
					"\"GooglePlaces\"",
					"-framework",
					"\"ImageIO\"",
					"-framework",
					"\"OpenGLES\"",
					"-framework",
					"\"QuartzCore\"",
					"-framework",
					"\"SystemConfiguration\"",
					"-framework",
					"\"UIKit\"",
				);
				PRODUCT_BUNDLE_IDENTIFIER = mwhinf.DiveLog;
				PRODUCT_NAME = "$(TARGET_NAME)";
				SWIFT_OBJC_BRIDGING_HEADER = "";
				SWIFT_VERSION = 4.0;
				TARGETED_DEVICE_FAMILY = 1;
			};
			name = Debug;
		};
		538DCD8620B4A1A700F58FB9 /* Release */ = {
			isa = XCBuildConfiguration;
			buildSettings = {
				ASSETCATALOG_COMPILER_APPICON_NAME = AppIcon;
				CODE_SIGN_ENTITLEMENTS = DiveLog/DiveLog.entitlements;
				CODE_SIGN_STYLE = Automatic;
				DEVELOPMENT_TEAM = GAWFJ4MA57;
				FRAMEWORK_SEARCH_PATHS = (
					"$(inherited)",
					"$(PROJECT_DIR)",
				);
				HEADER_SEARCH_PATHS = (
					"$(inherited)",
					"\"${PODS_ROOT}/Headers/Public\"",
					"\"${PODS_ROOT}/Headers/Public/GoogleMaps\"",
					"\"${PODS_ROOT}/Headers/Public/GooglePlaces\"",
				);
				INFOPLIST_FILE = DiveLog/Info.plist;
				LD_RUNPATH_SEARCH_PATHS = (
					"$(inherited)",
					"@executable_path/Frameworks",
				);
				OTHER_LDFLAGS = (
					"$(inherited)",
					"-ObjC",
					"-l\"c++\"",
					"-l\"z\"",
					"-framework",
					"\"Accelerate\"",
					"-framework",
					"\"CoreData\"",
					"-framework",
					"\"CoreGraphics\"",
					"-framework",
					"\"CoreImage\"",
					"-framework",
					"\"CoreLocation\"",
					"-framework",
					"\"CoreTelephony\"",
					"-framework",
					"\"CoreText\"",
					"-framework",
					"\"GLKit\"",
					"-framework",
					"\"GoogleMaps\"",
					"-framework",
					"\"GoogleMapsBase\"",
					"-framework",
					"\"GoogleMapsCore\"",
					"-framework",
					"\"GooglePlaces\"",
					"-framework",
					"\"ImageIO\"",
					"-framework",
					"\"OpenGLES\"",
					"-framework",
					"\"QuartzCore\"",
					"-framework",
					"\"SystemConfiguration\"",
					"-framework",
					"\"UIKit\"",
				);
				PRODUCT_BUNDLE_IDENTIFIER = mwhinf.DiveLog;
				PRODUCT_NAME = "$(TARGET_NAME)";
				SWIFT_OBJC_BRIDGING_HEADER = "";
				SWIFT_VERSION = 4.0;
				TARGETED_DEVICE_FAMILY = 1;
			};
			name = Release;
		};
		538DCD8820B4A1A700F58FB9 /* Debug */ = {
			isa = XCBuildConfiguration;
			buildSettings = {
				ALWAYS_EMBED_SWIFT_STANDARD_LIBRARIES = YES;
				BUNDLE_LOADER = "$(TEST_HOST)";
				CODE_SIGN_STYLE = Automatic;
				INFOPLIST_FILE = DiveLogTests/Info.plist;
				LD_RUNPATH_SEARCH_PATHS = (
					"$(inherited)",
					"@executable_path/Frameworks",
					"@loader_path/Frameworks",
				);
				PRODUCT_BUNDLE_IDENTIFIER = mwhinf.DiveLogTests;
				PRODUCT_NAME = "$(TARGET_NAME)";
				SWIFT_VERSION = 4.0;
				TARGETED_DEVICE_FAMILY = "1,2";
				TEST_HOST = "$(BUILT_PRODUCTS_DIR)/DiveLog.app/DiveLog";
			};
			name = Debug;
		};
		538DCD8920B4A1A700F58FB9 /* Release */ = {
			isa = XCBuildConfiguration;
			buildSettings = {
				ALWAYS_EMBED_SWIFT_STANDARD_LIBRARIES = YES;
				BUNDLE_LOADER = "$(TEST_HOST)";
				CODE_SIGN_STYLE = Automatic;
				INFOPLIST_FILE = DiveLogTests/Info.plist;
				LD_RUNPATH_SEARCH_PATHS = (
					"$(inherited)",
					"@executable_path/Frameworks",
					"@loader_path/Frameworks",
				);
				PRODUCT_BUNDLE_IDENTIFIER = mwhinf.DiveLogTests;
				PRODUCT_NAME = "$(TARGET_NAME)";
				SWIFT_VERSION = 4.0;
				TARGETED_DEVICE_FAMILY = "1,2";
				TEST_HOST = "$(BUILT_PRODUCTS_DIR)/DiveLog.app/DiveLog";
			};
			name = Release;
		};
		538DCD8B20B4A1A700F58FB9 /* Debug */ = {
			isa = XCBuildConfiguration;
			buildSettings = {
				ALWAYS_EMBED_SWIFT_STANDARD_LIBRARIES = YES;
				CODE_SIGN_STYLE = Automatic;
				INFOPLIST_FILE = DiveLogUITests/Info.plist;
				LD_RUNPATH_SEARCH_PATHS = (
					"$(inherited)",
					"@executable_path/Frameworks",
					"@loader_path/Frameworks",
				);
				PRODUCT_BUNDLE_IDENTIFIER = mwhinf.DiveLogUITests;
				PRODUCT_NAME = "$(TARGET_NAME)";
				SWIFT_VERSION = 4.0;
				TARGETED_DEVICE_FAMILY = "1,2";
				TEST_TARGET_NAME = DiveLog;
			};
			name = Debug;
		};
		538DCD8C20B4A1A700F58FB9 /* Release */ = {
			isa = XCBuildConfiguration;
			buildSettings = {
				ALWAYS_EMBED_SWIFT_STANDARD_LIBRARIES = YES;
				CODE_SIGN_STYLE = Automatic;
				INFOPLIST_FILE = DiveLogUITests/Info.plist;
				LD_RUNPATH_SEARCH_PATHS = (
					"$(inherited)",
					"@executable_path/Frameworks",
					"@loader_path/Frameworks",
				);
				PRODUCT_BUNDLE_IDENTIFIER = mwhinf.DiveLogUITests;
				PRODUCT_NAME = "$(TARGET_NAME)";
				SWIFT_VERSION = 4.0;
				TARGETED_DEVICE_FAMILY = "1,2";
				TEST_TARGET_NAME = DiveLog;
			};
			name = Release;
		};
/* End XCBuildConfiguration section */

/* Begin XCConfigurationList section */
		538DCD5720B4A1A300F58FB9 /* Build configuration list for PBXProject "DiveLog" */ = {
			isa = XCConfigurationList;
			buildConfigurations = (
				538DCD8220B4A1A700F58FB9 /* Debug */,
				538DCD8320B4A1A700F58FB9 /* Release */,
			);
			defaultConfigurationIsVisible = 0;
			defaultConfigurationName = Release;
		};
		538DCD8420B4A1A700F58FB9 /* Build configuration list for PBXNativeTarget "DiveLog" */ = {
			isa = XCConfigurationList;
			buildConfigurations = (
				538DCD8520B4A1A700F58FB9 /* Debug */,
				538DCD8620B4A1A700F58FB9 /* Release */,
			);
			defaultConfigurationIsVisible = 0;
			defaultConfigurationName = Release;
		};
		538DCD8720B4A1A700F58FB9 /* Build configuration list for PBXNativeTarget "DiveLogTests" */ = {
			isa = XCConfigurationList;
			buildConfigurations = (
				538DCD8820B4A1A700F58FB9 /* Debug */,
				538DCD8920B4A1A700F58FB9 /* Release */,
			);
			defaultConfigurationIsVisible = 0;
			defaultConfigurationName = Release;
		};
		538DCD8A20B4A1A700F58FB9 /* Build configuration list for PBXNativeTarget "DiveLogUITests" */ = {
			isa = XCConfigurationList;
			buildConfigurations = (
				538DCD8B20B4A1A700F58FB9 /* Debug */,
				538DCD8C20B4A1A700F58FB9 /* Release */,
			);
			defaultConfigurationIsVisible = 0;
			defaultConfigurationName = Release;
		};
/* End XCConfigurationList section */

/* Begin XCVersionGroup section */
		53FABC232289FC1A00B4849C /* DiveModel.xcdatamodeld */ = {
			isa = XCVersionGroup;
			children = (
				53FABC242289FC1A00B4849C /* DiveModel.xcdatamodel */,
			);
			currentVersion = 53FABC242289FC1A00B4849C /* DiveModel.xcdatamodel */;
			path = DiveModel.xcdatamodeld;
			sourceTree = "<group>";
			versionGroupType = wrapper.xcdatamodel;
		};
/* End XCVersionGroup section */
	};
	rootObject = 538DCD5420B4A1A300F58FB9 /* Project object */;
}
