// !$*UTF8*$!
{
	archiveVersion = 1;
	classes = {
	};
	objectVersion = 50;
	objects = {

/* Begin PBXBuildFile section */
		237168182E6BE1138409BC4E /* Pods_DiveLog.framework in Frameworks */ = {isa = PBXBuildFile; fileRef = 058C54ACF427CD9BDA233F27 /* Pods_DiveLog.framework */; };
		530EE05920C9AC2C00F708DF /* addDiveController.swift in Sources */ = {isa = PBXBuildFile; fileRef = 530EE05820C9AC2B00F708DF /* addDiveController.swift */; };
		5343BEF620C9D9D7006298B3 /* DiveListController.swift in Sources */ = {isa = PBXBuildFile; fileRef = 5343BEF520C9D9D7006298B3 /* DiveListController.swift */; };
		538DCD6020B4A1A300F58FB9 /* AppDelegate.swift in Sources */ = {isa = PBXBuildFile; fileRef = 538DCD5F20B4A1A300F58FB9 /* AppDelegate.swift */; };
		538DCD6220B4A1A300F58FB9 /* ViewController.swift in Sources */ = {isa = PBXBuildFile; fileRef = 538DCD6120B4A1A300F58FB9 /* ViewController.swift */; };
		538DCD6520B4A1A300F58FB9 /* Main.storyboard in Resources */ = {isa = PBXBuildFile; fileRef = 538DCD6320B4A1A300F58FB9 /* Main.storyboard */; };
		538DCD6720B4A1A600F58FB9 /* Assets.xcassets in Resources */ = {isa = PBXBuildFile; fileRef = 538DCD6620B4A1A600F58FB9 /* Assets.xcassets */; };
		538DCD6A20B4A1A600F58FB9 /* LaunchScreen.storyboard in Resources */ = {isa = PBXBuildFile; fileRef = 538DCD6820B4A1A600F58FB9 /* LaunchScreen.storyboard */; };
		538DCD7520B4A1A700F58FB9 /* DiveLogTests.swift in Sources */ = {isa = PBXBuildFile; fileRef = 538DCD7420B4A1A700F58FB9 /* DiveLogTests.swift */; };
		538DCD8020B4A1A700F58FB9 /* DiveLogUITests.swift in Sources */ = {isa = PBXBuildFile; fileRef = 538DCD7F20B4A1A700F58FB9 /* DiveLogUITests.swift */; };
		539A8E1A20B6674E0061464F /* TableViewCell.swift in Sources */ = {isa = PBXBuildFile; fileRef = 539A8E1920B6674E0061464F /* TableViewCell.swift */; };
		539B3D1120C8550E000F18BC /* MapMarkerWindowView.xib in Resources */ = {isa = PBXBuildFile; fileRef = 539B3D1020C8550D000F18BC /* MapMarkerWindowView.xib */; };
		539B3D1320C85536000F18BC /* MapMarkerWindow.swift in Sources */ = {isa = PBXBuildFile; fileRef = 539B3D1220C85536000F18BC /* MapMarkerWindow.swift */; };
		53A1859120B73C38009301DF /* DiveViewController.swift in Sources */ = {isa = PBXBuildFile; fileRef = 53A1859020B73C38009301DF /* DiveViewController.swift */; };
		53A185D320BF0DB3009301DF /* mapViewController.swift in Sources */ = {isa = PBXBuildFile; fileRef = 53A185D220BF0DB3009301DF /* mapViewController.swift */; };
		53A564F920D347DA0019C414 /* GPSViewController.swift in Sources */ = {isa = PBXBuildFile; fileRef = 53A564F820D347DA0019C414 /* GPSViewController.swift */; };
		53A564FB20D4CF9D0019C414 /* CustomTabBarController.swift in Sources */ = {isa = PBXBuildFile; fileRef = 53A564FA20D4CF9D0019C414 /* CustomTabBarController.swift */; };
		53E3745520BFB6E5000299DB /* LoginView.swift in Sources */ = {isa = PBXBuildFile; fileRef = 53E3745420BFB6E5000299DB /* LoginView.swift */; };
/* End PBXBuildFile section */

/* Begin PBXContainerItemProxy section */
		538DCD7120B4A1A700F58FB9 /* PBXContainerItemProxy */ = {
			isa = PBXContainerItemProxy;
			containerPortal = 538DCD5420B4A1A300F58FB9 /* Project object */;
			proxyType = 1;
			remoteGlobalIDString = 538DCD5B20B4A1A300F58FB9;
			remoteInfo = DiveLog;
		};
		538DCD7C20B4A1A700F58FB9 /* PBXContainerItemProxy */ = {
			isa = PBXContainerItemProxy;
			containerPortal = 538DCD5420B4A1A300F58FB9 /* Project object */;
			proxyType = 1;
			remoteGlobalIDString = 538DCD5B20B4A1A300F58FB9;
			remoteInfo = DiveLog;
		};
/* End PBXContainerItemProxy section */

/* Begin PBXFileReference section */
		058C54ACF427CD9BDA233F27 /* Pods_DiveLog.framework */ = {isa = PBXFileReference; explicitFileType = wrapper.framework; includeInIndex = 0; path = Pods_DiveLog.framework; sourceTree = BUILT_PRODUCTS_DIR; };
		0DDD0677B8D8C7013AA9E28D /* Pods-DiveLog.release.xcconfig */ = {isa = PBXFileReference; includeInIndex = 1; lastKnownFileType = text.xcconfig; name = "Pods-DiveLog.release.xcconfig"; path = "Pods/Target Support Files/Pods-DiveLog/Pods-DiveLog.release.xcconfig"; sourceTree = "<group>"; };
		530EE05820C9AC2B00F708DF /* addDiveController.swift */ = {isa = PBXFileReference; lastKnownFileType = sourcecode.swift; path = addDiveController.swift; sourceTree = "<group>"; };
		5343BEF520C9D9D7006298B3 /* DiveListController.swift */ = {isa = PBXFileReference; lastKnownFileType = sourcecode.swift; path = DiveListController.swift; sourceTree = "<group>"; };
		538DCD5C20B4A1A300F58FB9 /* DiveLog.app */ = {isa = PBXFileReference; explicitFileType = wrapper.application; includeInIndex = 0; path = DiveLog.app; sourceTree = BUILT_PRODUCTS_DIR; };
		538DCD5F20B4A1A300F58FB9 /* AppDelegate.swift */ = {isa = PBXFileReference; lastKnownFileType = sourcecode.swift; path = AppDelegate.swift; sourceTree = "<group>"; };
		538DCD6120B4A1A300F58FB9 /* ViewController.swift */ = {isa = PBXFileReference; lastKnownFileType = sourcecode.swift; path = ViewController.swift; sourceTree = "<group>"; };
		538DCD6420B4A1A300F58FB9 /* Base */ = {isa = PBXFileReference; lastKnownFileType = file.storyboard; name = Base; path = Base.lproj/Main.storyboard; sourceTree = "<group>"; };
		538DCD6620B4A1A600F58FB9 /* Assets.xcassets */ = {isa = PBXFileReference; lastKnownFileType = folder.assetcatalog; path = Assets.xcassets; sourceTree = "<group>"; };
		538DCD6920B4A1A600F58FB9 /* Base */ = {isa = PBXFileReference; lastKnownFileType = file.storyboard; name = Base; path = Base.lproj/LaunchScreen.storyboard; sourceTree = "<group>"; };
		538DCD6B20B4A1A600F58FB9 /* Info.plist */ = {isa = PBXFileReference; lastKnownFileType = text.plist.xml; path = Info.plist; sourceTree = "<group>"; };
		538DCD7020B4A1A700F58FB9 /* DiveLogTests.xctest */ = {isa = PBXFileReference; explicitFileType = wrapper.cfbundle; includeInIndex = 0; path = DiveLogTests.xctest; sourceTree = BUILT_PRODUCTS_DIR; };
		538DCD7420B4A1A700F58FB9 /* DiveLogTests.swift */ = {isa = PBXFileReference; lastKnownFileType = sourcecode.swift; path = DiveLogTests.swift; sourceTree = "<group>"; };
		538DCD7620B4A1A700F58FB9 /* Info.plist */ = {isa = PBXFileReference; lastKnownFileType = text.plist.xml; path = Info.plist; sourceTree = "<group>"; };
		538DCD7B20B4A1A700F58FB9 /* DiveLogUITests.xctest */ = {isa = PBXFileReference; explicitFileType = wrapper.cfbundle; includeInIndex = 0; path = DiveLogUITests.xctest; sourceTree = BUILT_PRODUCTS_DIR; };
		538DCD7F20B4A1A700F58FB9 /* DiveLogUITests.swift */ = {isa = PBXFileReference; lastKnownFileType = sourcecode.swift; path = DiveLogUITests.swift; sourceTree = "<group>"; };
		538DCD8120B4A1A700F58FB9 /* Info.plist */ = {isa = PBXFileReference; lastKnownFileType = text.plist.xml; path = Info.plist; sourceTree = "<group>"; };
		539A8E1920B6674E0061464F /* TableViewCell.swift */ = {isa = PBXFileReference; lastKnownFileType = sourcecode.swift; path = TableViewCell.swift; sourceTree = "<group>"; };
		539B3D1020C8550D000F18BC /* MapMarkerWindowView.xib */ = {isa = PBXFileReference; lastKnownFileType = file.xib; path = MapMarkerWindowView.xib; sourceTree = "<group>"; };
		539B3D1220C85536000F18BC /* MapMarkerWindow.swift */ = {isa = PBXFileReference; lastKnownFileType = sourcecode.swift; path = MapMarkerWindow.swift; sourceTree = "<group>"; };
		53A1859020B73C38009301DF /* DiveViewController.swift */ = {isa = PBXFileReference; lastKnownFileType = sourcecode.swift; path = DiveViewController.swift; sourceTree = "<group>"; };
		53A185D220BF0DB3009301DF /* mapViewController.swift */ = {isa = PBXFileReference; lastKnownFileType = sourcecode.swift; path = mapViewController.swift; sourceTree = "<group>"; };
		53A564F820D347DA0019C414 /* GPSViewController.swift */ = {isa = PBXFileReference; lastKnownFileType = sourcecode.swift; path = GPSViewController.swift; sourceTree = "<group>"; };
		53A564FA20D4CF9D0019C414 /* CustomTabBarController.swift */ = {isa = PBXFileReference; lastKnownFileType = sourcecode.swift; path = CustomTabBarController.swift; sourceTree = "<group>"; };
		53E3745420BFB6E5000299DB /* LoginView.swift */ = {isa = PBXFileReference; lastKnownFileType = sourcecode.swift; path = LoginView.swift; sourceTree = "<group>"; };
		6D83EDB55EFD857EFBE3F98F /* Pods-DiveLog.debug.xcconfig */ = {isa = PBXFileReference; includeInIndex = 1; lastKnownFileType = text.xcconfig; name = "Pods-DiveLog.debug.xcconfig"; path = "Pods/Target Support Files/Pods-DiveLog/Pods-DiveLog.debug.xcconfig"; sourceTree = "<group>"; };
/* End PBXFileReference section */

/* Begin PBXFrameworksBuildPhase section */
		538DCD5920B4A1A300F58FB9 /* Frameworks */ = {
			isa = PBXFrameworksBuildPhase;
			buildActionMask = 2147483647;
			files = (
				237168182E6BE1138409BC4E /* Pods_DiveLog.framework in Frameworks */,
			);
			runOnlyForDeploymentPostprocessing = 0;
		};
		538DCD6D20B4A1A600F58FB9 /* Frameworks */ = {
			isa = PBXFrameworksBuildPhase;
			buildActionMask = 2147483647;
			files = (
			);
			runOnlyForDeploymentPostprocessing = 0;
		};
		538DCD7820B4A1A700F58FB9 /* Frameworks */ = {
			isa = PBXFrameworksBuildPhase;
			buildActionMask = 2147483647;
			files = (
			);
			runOnlyForDeploymentPostprocessing = 0;
		};
/* End PBXFrameworksBuildPhase section */

/* Begin PBXGroup section */
		048247BA6BE0457DBCCD5BEF /* Frameworks */ = {
			isa = PBXGroup;
			children = (
				058C54ACF427CD9BDA233F27 /* Pods_DiveLog.framework */,
			);
			name = Frameworks;
			sourceTree = "<group>";
		};
		538DCD5320B4A1A200F58FB9 = {
			isa = PBXGroup;
			children = (
				538DCD5E20B4A1A300F58FB9 /* DiveLog */,
				538DCD7320B4A1A700F58FB9 /* DiveLogTests */,
				538DCD7E20B4A1A700F58FB9 /* DiveLogUITests */,
				538DCD5D20B4A1A300F58FB9 /* Products */,
				E716E3472477B91782634D4C /* Pods */,
				048247BA6BE0457DBCCD5BEF /* Frameworks */,
			);
			sourceTree = "<group>";
		};
		538DCD5D20B4A1A300F58FB9 /* Products */ = {
			isa = PBXGroup;
			children = (
				538DCD5C20B4A1A300F58FB9 /* DiveLog.app */,
				538DCD7020B4A1A700F58FB9 /* DiveLogTests.xctest */,
				538DCD7B20B4A1A700F58FB9 /* DiveLogUITests.xctest */,
			);
			name = Products;
			sourceTree = "<group>";
		};
		538DCD5E20B4A1A300F58FB9 /* DiveLog */ = {
			isa = PBXGroup;
			children = (
				538DCD5F20B4A1A300F58FB9 /* AppDelegate.swift */,
				539B3D1020C8550D000F18BC /* MapMarkerWindowView.xib */,
				539B3D1220C85536000F18BC /* MapMarkerWindow.swift */,
				538DCD6120B4A1A300F58FB9 /* ViewController.swift */,
				53E3745420BFB6E5000299DB /* LoginView.swift */,
				53A185D220BF0DB3009301DF /* mapViewController.swift */,
				539A8E1920B6674E0061464F /* TableViewCell.swift */,
				538DCD6320B4A1A300F58FB9 /* Main.storyboard */,
				53A564FA20D4CF9D0019C414 /* CustomTabBarController.swift */,
				53A564F820D347DA0019C414 /* GPSViewController.swift */,
				5343BEF520C9D9D7006298B3 /* DiveListController.swift */,
				530EE05820C9AC2B00F708DF /* addDiveController.swift */,
				53A1859020B73C38009301DF /* DiveViewController.swift */,
				538DCD6620B4A1A600F58FB9 /* Assets.xcassets */,
				538DCD6820B4A1A600F58FB9 /* LaunchScreen.storyboard */,
				538DCD6B20B4A1A600F58FB9 /* Info.plist */,
			);
			path = DiveLog;
			sourceTree = "<group>";
		};
		538DCD7320B4A1A700F58FB9 /* DiveLogTests */ = {
			isa = PBXGroup;
			children = (
				538DCD7420B4A1A700F58FB9 /* DiveLogTests.swift */,
				538DCD7620B4A1A700F58FB9 /* Info.plist */,
			);
			path = DiveLogTests;
			sourceTree = "<group>";
		};
		538DCD7E20B4A1A700F58FB9 /* DiveLogUITests */ = {
			isa = PBXGroup;
			children = (
				538DCD7F20B4A1A700F58FB9 /* DiveLogUITests.swift */,
				538DCD8120B4A1A700F58FB9 /* Info.plist */,
			);
			path = DiveLogUITests;
			sourceTree = "<group>";
		};
		E716E3472477B91782634D4C /* Pods */ = {
			isa = PBXGroup;
			children = (
				6D83EDB55EFD857EFBE3F98F /* Pods-DiveLog.debug.xcconfig */,
				0DDD0677B8D8C7013AA9E28D /* Pods-DiveLog.release.xcconfig */,
			);
			name = Pods;
			sourceTree = "<group>";
		};
/* End PBXGroup section */

/* Begin PBXNativeTarget section */
		538DCD5B20B4A1A300F58FB9 /* DiveLog */ = {
			isa = PBXNativeTarget;
			buildConfigurationList = 538DCD8420B4A1A700F58FB9 /* Build configuration list for PBXNativeTarget "DiveLog" */;
			buildPhases = (
				6B005496611F1B4B5E8DBB04 /* [CP] Check Pods Manifest.lock */,
				538DCD5820B4A1A300F58FB9 /* Sources */,
				538DCD5920B4A1A300F58FB9 /* Frameworks */,
				538DCD5A20B4A1A300F58FB9 /* Resources */,
				AB269187706AA673A5B1523F /* [CP] Copy Pods Resources */,
			);
			buildRules = (
			);
			dependencies = (
			);
			name = DiveLog;
			productName = DiveLog;
			productReference = 538DCD5C20B4A1A300F58FB9 /* DiveLog.app */;
			productType = "com.apple.product-type.application";
		};
		538DCD6F20B4A1A600F58FB9 /* DiveLogTests */ = {
			isa = PBXNativeTarget;
			buildConfigurationList = 538DCD8720B4A1A700F58FB9 /* Build configuration list for PBXNativeTarget "DiveLogTests" */;
			buildPhases = (
				538DCD6C20B4A1A600F58FB9 /* Sources */,
				538DCD6D20B4A1A600F58FB9 /* Frameworks */,
				538DCD6E20B4A1A600F58FB9 /* Resources */,
			);
			buildRules = (
			);
			dependencies = (
				538DCD7220B4A1A700F58FB9 /* PBXTargetDependency */,
			);
			name = DiveLogTests;
			productName = DiveLogTests;
			productReference = 538DCD7020B4A1A700F58FB9 /* DiveLogTests.xctest */;
			productType = "com.apple.product-type.bundle.unit-test";
		};
		538DCD7A20B4A1A700F58FB9 /* DiveLogUITests */ = {
			isa = PBXNativeTarget;
			buildConfigurationList = 538DCD8A20B4A1A700F58FB9 /* Build configuration list for PBXNativeTarget "DiveLogUITests" */;
			buildPhases = (
				538DCD7720B4A1A700F58FB9 /* Sources */,
				538DCD7820B4A1A700F58FB9 /* Frameworks */,
				538DCD7920B4A1A700F58FB9 /* Resources */,
			);
			buildRules = (
			);
			dependencies = (
				538DCD7D20B4A1A700F58FB9 /* PBXTargetDependency */,
			);
			name = DiveLogUITests;
			productName = DiveLogUITests;
			productReference = 538DCD7B20B4A1A700F58FB9 /* DiveLogUITests.xctest */;
			productType = "com.apple.product-type.bundle.ui-testing";
		};
/* End PBXNativeTarget section */

/* Begin PBXProject section */
		538DCD5420B4A1A300F58FB9 /* Project object */ = {
			isa = PBXProject;
			attributes = {
				LastSwiftUpdateCheck = 0930;
				LastUpgradeCheck = 0930;
				ORGANIZATIONNAME = "Michael Whinfrey";
				TargetAttributes = {
					538DCD5B20B4A1A300F58FB9 = {
						CreatedOnToolsVersion = 9.3.1;
					};
					538DCD6F20B4A1A600F58FB9 = {
						CreatedOnToolsVersion = 9.3.1;
						TestTargetID = 538DCD5B20B4A1A300F58FB9;
					};
					538DCD7A20B4A1A700F58FB9 = {
						CreatedOnToolsVersion = 9.3.1;
						TestTargetID = 538DCD5B20B4A1A300F58FB9;
					};
				};
			};
			buildConfigurationList = 538DCD5720B4A1A300F58FB9 /* Build configuration list for PBXProject "DiveLog" */;
			compatibilityVersion = "Xcode 9.3";
			developmentRegion = en;
			hasScannedForEncodings = 0;
			knownRegions = (
				en,
				Base,
			);
			mainGroup = 538DCD5320B4A1A200F58FB9;
			productRefGroup = 538DCD5D20B4A1A300F58FB9 /* Products */;
			projectDirPath = "";
			projectRoot = "";
			targets = (
				538DCD5B20B4A1A300F58FB9 /* DiveLog */,
				538DCD6F20B4A1A600F58FB9 /* DiveLogTests */,
				538DCD7A20B4A1A700F58FB9 /* DiveLogUITests */,
			);
		};
/* End PBXProject section */

/* Begin PBXResourcesBuildPhase section */
		538DCD5A20B4A1A300F58FB9 /* Resources */ = {
			isa = PBXResourcesBuildPhase;
			buildActionMask = 2147483647;
			files = (
				538DCD6A20B4A1A600F58FB9 /* LaunchScreen.storyboard in Resources */,
				538DCD6720B4A1A600F58FB9 /* Assets.xcassets in Resources */,
				538DCD6520B4A1A300F58FB9 /* Main.storyboard in Resources */,
				539B3D1120C8550E000F18BC /* MapMarkerWindowView.xib in Resources */,
			);
			runOnlyForDeploymentPostprocessing = 0;
		};
		538DCD6E20B4A1A600F58FB9 /* Resources */ = {
			isa = PBXResourcesBuildPhase;
			buildActionMask = 2147483647;
			files = (
			);
			runOnlyForDeploymentPostprocessing = 0;
		};
		538DCD7920B4A1A700F58FB9 /* Resources */ = {
			isa = PBXResourcesBuildPhase;
			buildActionMask = 2147483647;
			files = (
			);
			runOnlyForDeploymentPostprocessing = 0;
		};
/* End PBXResourcesBuildPhase section */

/* Begin PBXShellScriptBuildPhase section */
		6B005496611F1B4B5E8DBB04 /* [CP] Check Pods Manifest.lock */ = {
			isa = PBXShellScriptBuildPhase;
			buildActionMask = 2147483647;
			files = (
			);
			inputPaths = (
				"${PODS_PODFILE_DIR_PATH}/Podfile.lock",
				"${PODS_ROOT}/Manifest.lock",
			);
			name = "[CP] Check Pods Manifest.lock";
			outputPaths = (
				"$(DERIVED_FILE_DIR)/Pods-DiveLog-checkManifestLockResult.txt",
			);
			runOnlyForDeploymentPostprocessing = 0;
			shellPath = /bin/sh;
			shellScript = "diff \"${PODS_PODFILE_DIR_PATH}/Podfile.lock\" \"${PODS_ROOT}/Manifest.lock\" > /dev/null\nif [ $? != 0 ] ; then\n    # print error to STDERR\n    echo \"error: The sandbox is not in sync with the Podfile.lock. Run 'pod install' or update your CocoaPods installation.\" >&2\n    exit 1\nfi\n# This output is used by Xcode 'outputs' to avoid re-running this script phase.\necho \"SUCCESS\" > \"${SCRIPT_OUTPUT_FILE_0}\"\n";
			showEnvVarsInLog = 0;
		};
		AB269187706AA673A5B1523F /* [CP] Copy Pods Resources */ = {
			isa = PBXShellScriptBuildPhase;
			buildActionMask = 2147483647;
			files = (
			);
			inputPaths = (
				"${SRCROOT}/Pods/Target Support Files/Pods-DiveLog/Pods-DiveLog-resources.sh",
				"${PODS_ROOT}/GoogleMaps/Maps/Frameworks/GoogleMaps.framework/Resources/GoogleMaps.bundle",
				"${PODS_ROOT}/GooglePlaces/Frameworks/GooglePlaces.framework/Resources/GooglePlaces.bundle",
			);
			name = "[CP] Copy Pods Resources";
			outputPaths = (
				"${TARGET_BUILD_DIR}/${UNLOCALIZED_RESOURCES_FOLDER_PATH}/GoogleMaps.bundle",
				"${TARGET_BUILD_DIR}/${UNLOCALIZED_RESOURCES_FOLDER_PATH}/GooglePlaces.bundle",
			);
			runOnlyForDeploymentPostprocessing = 0;
			shellPath = /bin/sh;
			shellScript = "\"${SRCROOT}/Pods/Target Support Files/Pods-DiveLog/Pods-DiveLog-resources.sh\"\n";
			showEnvVarsInLog = 0;
		};
/* End PBXShellScriptBuildPhase section */

/* Begin PBXSourcesBuildPhase section */
		538DCD5820B4A1A300F58FB9 /* Sources */ = {
			isa = PBXSourcesBuildPhase;
			buildActionMask = 2147483647;
			files = (
				53E3745520BFB6E5000299DB /* LoginView.swift in Sources */,
				53A564F920D347DA0019C414 /* GPSViewController.swift in Sources */,
				539B3D1320C85536000F18BC /* MapMarkerWindow.swift in Sources */,
				539A8E1A20B6674E0061464F /* TableViewCell.swift in Sources */,
				53A185D320BF0DB3009301DF /* mapViewController.swift in Sources */,
				53A564FB20D4CF9D0019C414 /* CustomTabBarController.swift in Sources */,
				538DCD6220B4A1A300F58FB9 /* ViewController.swift in Sources */,
				53A1859120B73C38009301DF /* DiveViewController.swift in Sources */,
				5343BEF620C9D9D7006298B3 /* DiveListController.swift in Sources */,
				538DCD6020B4A1A300F58FB9 /* AppDelegate.swift in Sources */,
				530EE05920C9AC2C00F708DF /* addDiveController.swift in Sources */,
			);
			runOnlyForDeploymentPostprocessing = 0;
		};
		538DCD6C20B4A1A600F58FB9 /* Sources */ = {
			isa = PBXSourcesBuildPhase;
			buildActionMask = 2147483647;
			files = (
				538DCD7520B4A1A700F58FB9 /* DiveLogTests.swift in Sources */,
			);
			runOnlyForDeploymentPostprocessing = 0;
		};
		538DCD7720B4A1A700F58FB9 /* Sources */ = {
			isa = PBXSourcesBuildPhase;
			buildActionMask = 2147483647;
			files = (
				538DCD8020B4A1A700F58FB9 /* DiveLogUITests.swift in Sources */,
			);
			runOnlyForDeploymentPostprocessing = 0;
		};
/* End PBXSourcesBuildPhase section */

/* Begin PBXTargetDependency section */
		538DCD7220B4A1A700F58FB9 /* PBXTargetDependency */ = {
			isa = PBXTargetDependency;
			target = 538DCD5B20B4A1A300F58FB9 /* DiveLog */;
			targetProxy = 538DCD7120B4A1A700F58FB9 /* PBXContainerItemProxy */;
		};
		538DCD7D20B4A1A700F58FB9 /* PBXTargetDependency */ = {
			isa = PBXTargetDependency;
			target = 538DCD5B20B4A1A300F58FB9 /* DiveLog */;
			targetProxy = 538DCD7C20B4A1A700F58FB9 /* PBXContainerItemProxy */;
		};
/* End PBXTargetDependency section */

/* Begin PBXVariantGroup section */
		538DCD6320B4A1A300F58FB9 /* Main.storyboard */ = {
			isa = PBXVariantGroup;
			children = (
				538DCD6420B4A1A300F58FB9 /* Base */,
			);
			name = Main.storyboard;
			sourceTree = "<group>";
		};
		538DCD6820B4A1A600F58FB9 /* LaunchScreen.storyboard */ = {
			isa = PBXVariantGroup;
			children = (
				538DCD6920B4A1A600F58FB9 /* Base */,
			);
			name = LaunchScreen.storyboard;
			sourceTree = "<group>";
		};
/* End PBXVariantGroup section */

/* Begin XCBuildConfiguration section */
		538DCD8220B4A1A700F58FB9 /* Debug */ = {
			isa = XCBuildConfiguration;
			buildSettings = {
				ALWAYS_SEARCH_USER_PATHS = NO;
				CLANG_ANALYZER_NONNULL = YES;
				CLANG_ANALYZER_NUMBER_OBJECT_CONVERSION = YES_AGGRESSIVE;
				CLANG_CXX_LANGUAGE_STANDARD = "gnu++14";
				CLANG_CXX_LIBRARY = "libc++";
				CLANG_ENABLE_MODULES = YES;
				CLANG_ENABLE_OBJC_ARC = YES;
				CLANG_ENABLE_OBJC_WEAK = YES;
				CLANG_WARN_BLOCK_CAPTURE_AUTORELEASING = YES;
				CLANG_WARN_BOOL_CONVERSION = YES;
				CLANG_WARN_COMMA = YES;
				CLANG_WARN_CONSTANT_CONVERSION = YES;
				CLANG_WARN_DEPRECATED_OBJC_IMPLEMENTATIONS = YES;
				CLANG_WARN_DIRECT_OBJC_ISA_USAGE = YES_ERROR;
				CLANG_WARN_DOCUMENTATION_COMMENTS = YES;
				CLANG_WARN_EMPTY_BODY = YES;
				CLANG_WARN_ENUM_CONVERSION = YES;
				CLANG_WARN_INFINITE_RECURSION = YES;
				CLANG_WARN_INT_CONVERSION = YES;
				CLANG_WARN_NON_LITERAL_NULL_CONVERSION = YES;
				CLANG_WARN_OBJC_IMPLICIT_RETAIN_SELF = YES;
				CLANG_WARN_OBJC_LITERAL_CONVERSION = YES;
				CLANG_WARN_OBJC_ROOT_CLASS = YES_ERROR;
				CLANG_WARN_RANGE_LOOP_ANALYSIS = YES;
				CLANG_WARN_STRICT_PROTOTYPES = YES;
				CLANG_WARN_SUSPICIOUS_MOVE = YES;
				CLANG_WARN_UNGUARDED_AVAILABILITY = YES_AGGRESSIVE;
				CLANG_WARN_UNREACHABLE_CODE = YES;
				CLANG_WARN__DUPLICATE_METHOD_MATCH = YES;
				CODE_SIGN_IDENTITY = "iPhone Developer";
				COPY_PHASE_STRIP = NO;
				DEBUG_INFORMATION_FORMAT = dwarf;
				ENABLE_STRICT_OBJC_MSGSEND = YES;
				ENABLE_TESTABILITY = YES;
				GCC_C_LANGUAGE_STANDARD = gnu11;
				GCC_DYNAMIC_NO_PIC = NO;
				GCC_NO_COMMON_BLOCKS = YES;
				GCC_OPTIMIZATION_LEVEL = 0;
				GCC_PREPROCESSOR_DEFINITIONS = (
					"DEBUG=1",
					"$(inherited)",
				);
				GCC_WARN_64_TO_32_BIT_CONVERSION = YES;
				GCC_WARN_ABOUT_RETURN_TYPE = YES_ERROR;
				GCC_WARN_UNDECLARED_SELECTOR = YES;
				GCC_WARN_UNINITIALIZED_AUTOS = YES_AGGRESSIVE;
				GCC_WARN_UNUSED_FUNCTION = YES;
				GCC_WARN_UNUSED_VARIABLE = YES;
				IPHONEOS_DEPLOYMENT_TARGET = 11.3;
				MTL_ENABLE_DEBUG_INFO = YES;
				ONLY_ACTIVE_ARCH = YES;
				SDKROOT = iphoneos;
				SWIFT_ACTIVE_COMPILATION_CONDITIONS = DEBUG;
				SWIFT_OPTIMIZATION_LEVEL = "-Onone";
			};
			name = Debug;
		};
		538DCD8320B4A1A700F58FB9 /* Release */ = {
			isa = XCBuildConfiguration;
			buildSettings = {
				ALWAYS_SEARCH_USER_PATHS = NO;
				CLANG_ANALYZER_NONNULL = YES;
				CLANG_ANALYZER_NUMBER_OBJECT_CONVERSION = YES_AGGRESSIVE;
				CLANG_CXX_LANGUAGE_STANDARD = "gnu++14";
				CLANG_CXX_LIBRARY = "libc++";
				CLANG_ENABLE_MODULES = YES;
				CLANG_ENABLE_OBJC_ARC = YES;
				CLANG_ENABLE_OBJC_WEAK = YES;
				CLANG_WARN_BLOCK_CAPTURE_AUTORELEASING = YES;
				CLANG_WARN_BOOL_CONVERSION = YES;
				CLANG_WARN_COMMA = YES;
				CLANG_WARN_CONSTANT_CONVERSION = YES;
				CLANG_WARN_DEPRECATED_OBJC_IMPLEMENTATIONS = YES;
				CLANG_WARN_DIRECT_OBJC_ISA_USAGE = YES_ERROR;
				CLANG_WARN_DOCUMENTATION_COMMENTS = YES;
				CLANG_WARN_EMPTY_BODY = YES;
				CLANG_WARN_ENUM_CONVERSION = YES;
				CLANG_WARN_INFINITE_RECURSION = YES;
				CLANG_WARN_INT_CONVERSION = YES;
				CLANG_WARN_NON_LITERAL_NULL_CONVERSION = YES;
				CLANG_WARN_OBJC_IMPLICIT_RETAIN_SELF = YES;
				CLANG_WARN_OBJC_LITERAL_CONVERSION = YES;
				CLANG_WARN_OBJC_ROOT_CLASS = YES_ERROR;
				CLANG_WARN_RANGE_LOOP_ANALYSIS = YES;
				CLANG_WARN_STRICT_PROTOTYPES = YES;
				CLANG_WARN_SUSPICIOUS_MOVE = YES;
				CLANG_WARN_UNGUARDED_AVAILABILITY = YES_AGGRESSIVE;
				CLANG_WARN_UNREACHABLE_CODE = YES;
				CLANG_WARN__DUPLICATE_METHOD_MATCH = YES;
				CODE_SIGN_IDENTITY = "iPhone Developer";
				COPY_PHASE_STRIP = NO;
				DEBUG_INFORMATION_FORMAT = "dwarf-with-dsym";
				ENABLE_NS_ASSERTIONS = NO;
				ENABLE_STRICT_OBJC_MSGSEND = YES;
				GCC_C_LANGUAGE_STANDARD = gnu11;
				GCC_NO_COMMON_BLOCKS = YES;
				GCC_WARN_64_TO_32_BIT_CONVERSION = YES;
				GCC_WARN_ABOUT_RETURN_TYPE = YES_ERROR;
				GCC_WARN_UNDECLARED_SELECTOR = YES;
				GCC_WARN_UNINITIALIZED_AUTOS = YES_AGGRESSIVE;
				GCC_WARN_UNUSED_FUNCTION = YES;
				GCC_WARN_UNUSED_VARIABLE = YES;
				IPHONEOS_DEPLOYMENT_TARGET = 11.3;
				MTL_ENABLE_DEBUG_INFO = NO;
				SDKROOT = iphoneos;
				SWIFT_COMPILATION_MODE = wholemodule;
				SWIFT_OPTIMIZATION_LEVEL = "-O";
				VALIDATE_PRODUCT = YES;
			};
			name = Release;
		};
		538DCD8520B4A1A700F58FB9 /* Debug */ = {
			isa = XCBuildConfiguration;
			baseConfigurationReference = 6D83EDB55EFD857EFBE3F98F /* Pods-DiveLog.debug.xcconfig */;
			buildSettings = {
				ASSETCATALOG_COMPILER_APPICON_NAME = AppIcon;
				CODE_SIGN_STYLE = Automatic;
				DEVELOPMENT_TEAM = GAWFJ4MA57;
				HEADER_SEARCH_PATHS = (
					"$(inherited)",
					"\"${PODS_ROOT}/Headers/Public\"",
					"\"${PODS_ROOT}/Headers/Public/GoogleMaps\"",
					"\"${PODS_ROOT}/Headers/Public/GooglePlaces\"",
				);
				INFOPLIST_FILE = DiveLog/Info.plist;
				LD_RUNPATH_SEARCH_PATHS = (
					"$(inherited)",
					"@executable_path/Frameworks",
				);
				OTHER_LDFLAGS = (
					"$(inherited)",
					"-ObjC",
					"-l\"c++\"",
					"-l\"z\"",
					"-framework",
					"\"Accelerate\"",
					"-framework",
					"\"CoreData\"",
					"-framework",
					"\"CoreGraphics\"",
					"-framework",
					"\"CoreImage\"",
					"-framework",
					"\"CoreLocation\"",
					"-framework",
					"\"CoreTelephony\"",
					"-framework",
					"\"CoreText\"",
					"-framework",
					"\"GLKit\"",
					"-framework",
					"\"GoogleMaps\"",
					"-framework",
					"\"GoogleMapsBase\"",
					"-framework",
					"\"GoogleMapsCore\"",
					"-framework",
					"\"GooglePlaces\"",
					"-framework",
					"\"ImageIO\"",
					"-framework",
					"\"OpenGLES\"",
					"-framework",
					"\"QuartzCore\"",
					"-framework",
					"\"SystemConfiguration\"",
					"-framework",
					"\"UIKit\"",
				);
				PRODUCT_BUNDLE_IDENTIFIER = mwhinf.DiveLog;
				PRODUCT_NAME = "$(TARGET_NAME)";
				SWIFT_OBJC_BRIDGING_HEADER = "";
				SWIFT_VERSION = 4.0;
				TARGETED_DEVICE_FAMILY = "1,2";
			};
			name = Debug;
		};
		538DCD8620B4A1A700F58FB9 /* Release */ = {
			isa = XCBuildConfiguration;
			baseConfigurationReference = 0DDD0677B8D8C7013AA9E28D /* Pods-DiveLog.release.xcconfig */;
			buildSettings = {
				ASSETCATALOG_COMPILER_APPICON_NAME = AppIcon;
				CODE_SIGN_STYLE = Automatic;
				DEVELOPMENT_TEAM = GAWFJ4MA57;
				HEADER_SEARCH_PATHS = (
					"$(inherited)",
					"\"${PODS_ROOT}/Headers/Public\"",
					"\"${PODS_ROOT}/Headers/Public/GoogleMaps\"",
					"\"${PODS_ROOT}/Headers/Public/GooglePlaces\"",
				);
				INFOPLIST_FILE = DiveLog/Info.plist;
				LD_RUNPATH_SEARCH_PATHS = (
					"$(inherited)",
					"@executable_path/Frameworks",
				);
				OTHER_LDFLAGS = (
					"$(inherited)",
					"-ObjC",
					"-l\"c++\"",
					"-l\"z\"",
					"-framework",
					"\"Accelerate\"",
					"-framework",
					"\"CoreData\"",
					"-framework",
					"\"CoreGraphics\"",
					"-framework",
					"\"CoreImage\"",
					"-framework",
					"\"CoreLocation\"",
					"-framework",
					"\"CoreTelephony\"",
					"-framework",
					"\"CoreText\"",
					"-framework",
					"\"GLKit\"",
					"-framework",
					"\"GoogleMaps\"",
					"-framework",
					"\"GoogleMapsBase\"",
					"-framework",
					"\"GoogleMapsCore\"",
					"-framework",
					"\"GooglePlaces\"",
					"-framework",
					"\"ImageIO\"",
					"-framework",
					"\"OpenGLES\"",
					"-framework",
					"\"QuartzCore\"",
					"-framework",
					"\"SystemConfiguration\"",
					"-framework",
					"\"UIKit\"",
				);
				PRODUCT_BUNDLE_IDENTIFIER = mwhinf.DiveLog;
				PRODUCT_NAME = "$(TARGET_NAME)";
				SWIFT_OBJC_BRIDGING_HEADER = "";
				SWIFT_VERSION = 4.0;
				TARGETED_DEVICE_FAMILY = "1,2";
			};
			name = Release;
		};
		538DCD8820B4A1A700F58FB9 /* Debug */ = {
			isa = XCBuildConfiguration;
			buildSettings = {
				ALWAYS_EMBED_SWIFT_STANDARD_LIBRARIES = YES;
				BUNDLE_LOADER = "$(TEST_HOST)";
				CODE_SIGN_STYLE = Automatic;
				INFOPLIST_FILE = DiveLogTests/Info.plist;
				LD_RUNPATH_SEARCH_PATHS = (
					"$(inherited)",
					"@executable_path/Frameworks",
					"@loader_path/Frameworks",
				);
				PRODUCT_BUNDLE_IDENTIFIER = mwhinf.DiveLogTests;
				PRODUCT_NAME = "$(TARGET_NAME)";
				SWIFT_VERSION = 4.0;
				TARGETED_DEVICE_FAMILY = "1,2";
				TEST_HOST = "$(BUILT_PRODUCTS_DIR)/DiveLog.app/DiveLog";
			};
			name = Debug;
		};
		538DCD8920B4A1A700F58FB9 /* Release */ = {
			isa = XCBuildConfiguration;
			buildSettings = {
				ALWAYS_EMBED_SWIFT_STANDARD_LIBRARIES = YES;
				BUNDLE_LOADER = "$(TEST_HOST)";
				CODE_SIGN_STYLE = Automatic;
				INFOPLIST_FILE = DiveLogTests/Info.plist;
				LD_RUNPATH_SEARCH_PATHS = (
					"$(inherited)",
					"@executable_path/Frameworks",
					"@loader_path/Frameworks",
				);
				PRODUCT_BUNDLE_IDENTIFIER = mwhinf.DiveLogTests;
				PRODUCT_NAME = "$(TARGET_NAME)";
				SWIFT_VERSION = 4.0;
				TARGETED_DEVICE_FAMILY = "1,2";
				TEST_HOST = "$(BUILT_PRODUCTS_DIR)/DiveLog.app/DiveLog";
			};
			name = Release;
		};
		538DCD8B20B4A1A700F58FB9 /* Debug */ = {
			isa = XCBuildConfiguration;
			buildSettings = {
				ALWAYS_EMBED_SWIFT_STANDARD_LIBRARIES = YES;
				CODE_SIGN_STYLE = Automatic;
				INFOPLIST_FILE = DiveLogUITests/Info.plist;
				LD_RUNPATH_SEARCH_PATHS = (
					"$(inherited)",
					"@executable_path/Frameworks",
					"@loader_path/Frameworks",
				);
				PRODUCT_BUNDLE_IDENTIFIER = mwhinf.DiveLogUITests;
				PRODUCT_NAME = "$(TARGET_NAME)";
				SWIFT_VERSION = 4.0;
				TARGETED_DEVICE_FAMILY = "1,2";
				TEST_TARGET_NAME = DiveLog;
			};
			name = Debug;
		};
		538DCD8C20B4A1A700F58FB9 /* Release */ = {
			isa = XCBuildConfiguration;
			buildSettings = {
				ALWAYS_EMBED_SWIFT_STANDARD_LIBRARIES = YES;
				CODE_SIGN_STYLE = Automatic;
				INFOPLIST_FILE = DiveLogUITests/Info.plist;
				LD_RUNPATH_SEARCH_PATHS = (
					"$(inherited)",
					"@executable_path/Frameworks",
					"@loader_path/Frameworks",
				);
				PRODUCT_BUNDLE_IDENTIFIER = mwhinf.DiveLogUITests;
				PRODUCT_NAME = "$(TARGET_NAME)";
				SWIFT_VERSION = 4.0;
				TARGETED_DEVICE_FAMILY = "1,2";
				TEST_TARGET_NAME = DiveLog;
			};
			name = Release;
		};
/* End XCBuildConfiguration section */

/* Begin XCConfigurationList section */
		538DCD5720B4A1A300F58FB9 /* Build configuration list for PBXProject "DiveLog" */ = {
			isa = XCConfigurationList;
			buildConfigurations = (
				538DCD8220B4A1A700F58FB9 /* Debug */,
				538DCD8320B4A1A700F58FB9 /* Release */,
			);
			defaultConfigurationIsVisible = 0;
			defaultConfigurationName = Release;
		};
		538DCD8420B4A1A700F58FB9 /* Build configuration list for PBXNativeTarget "DiveLog" */ = {
			isa = XCConfigurationList;
			buildConfigurations = (
				538DCD8520B4A1A700F58FB9 /* Debug */,
				538DCD8620B4A1A700F58FB9 /* Release */,
			);
			defaultConfigurationIsVisible = 0;
			defaultConfigurationName = Release;
		};
		538DCD8720B4A1A700F58FB9 /* Build configuration list for PBXNativeTarget "DiveLogTests" */ = {
			isa = XCConfigurationList;
			buildConfigurations = (
				538DCD8820B4A1A700F58FB9 /* Debug */,
				538DCD8920B4A1A700F58FB9 /* Release */,
			);
			defaultConfigurationIsVisible = 0;
			defaultConfigurationName = Release;
		};
		538DCD8A20B4A1A700F58FB9 /* Build configuration list for PBXNativeTarget "DiveLogUITests" */ = {
			isa = XCConfigurationList;
			buildConfigurations = (
				538DCD8B20B4A1A700F58FB9 /* Debug */,
				538DCD8C20B4A1A700F58FB9 /* Release */,
			);
			defaultConfigurationIsVisible = 0;
			defaultConfigurationName = Release;
		};
/* End XCConfigurationList section */
	};
	rootObject = 538DCD5420B4A1A300F58FB9 /* Project object */;
}
